{
  "lockfile-version": 1,
  "manifest": {
    "version": 1,
    "install": {
      "cloud-provider-kind": {
        "pkg-path": "cloud-provider-kind"
      },
      "docker": {
        "pkg-path": "docker"
      },
      "go": {
        "pkg-path": "go",
        "version": "1.24.6"
      },
      "gum": {
        "pkg-path": "gum"
      },
      "k9s": {
        "pkg-path": "k9s"
      },
      "kind": {
        "pkg-path": "kind"
      },
      "kubebuilder": {
        "pkg-path": "kubebuilder"
      },
      "kubectl": {
        "pkg-path": "kubectl"
      },
      "kubectx": {
        "pkg-path": "kubectx"
      },
      "kubefwd": {
        "pkg-path": "kubefwd"
      },
      "kubernetes-helm": {
        "pkg-path": "kubernetes-helm"
      }
    },
    "vars": {
      "GOCACHE": "$HOME/.cache/go-build",
      "GOMODCACHE": "$HOME/go/pkg/mod",
      "GOPATH": "$HOME/go",
      "INTRO_MESSAGE": "Accesserator environment activated"
    },
    "hook": {},
    "profile": {
      "common": "gum style \\\n    --foreground 212 --border-foreground 212 --border double \\\n    --align center --width 50 --margin \"1 2\" --padding \"2 4\" \\\n    $INTRO_MESSAGE\n# "
    },
    "options": {}
  },
  "packages": [
    {
      "attr_path": "cloud-provider-kind",
      "broken": false,
      "derivation": "/nix/store/a9c68ijdbbz1gq2pig2gz849rhayglx3-cloud-provider-kind-0.6.0.drv",
      "description": "Load Balancer implementation for Kubernetes-in-Docker",
      "install_id": "cloud-provider-kind",
      "license": "Apache-2.0",
      "locked_url": "https://github.com/flox/nixpkgs?rev=8eb28adfa3dc4de28e792e3bf49fcf9007ca8ac9",
      "name": "cloud-provider-kind-0.6.0",
      "pname": "cloud-provider-kind",
      "rev": "8eb28adfa3dc4de28e792e3bf49fcf9007ca8ac9",
      "rev_count": 856926,
      "rev_date": "2025-09-05T10:37:24Z",
      "scrape_date": "2025-09-08T03:40:11.866824Z",
      "stabilities": [
        "unstable"
      ],
      "unfree": false,
      "version": "0.6.0",
      "outputs_to_install": [
        "out"
      ],
      "outputs": {
        "out": "/nix/store/dl1jn4ha0hwjkclh6clhxglq3sb27cli-cloud-provider-kind-0.6.0"
      },
      "system": "aarch64-darwin",
      "group": "toplevel",
      "priority": 5
    },
    {
      "attr_path": "cloud-provider-kind",
      "broken": false,
      "derivation": "/nix/store/cg95niwf9cdcllwvimxbsxzlng1z082k-cloud-provider-kind-0.6.0.drv",
      "description": "Load Balancer implementation for Kubernetes-in-Docker",
      "install_id": "cloud-provider-kind",
      "license": "Apache-2.0",
      "locked_url": "https://github.com/flox/nixpkgs?rev=8eb28adfa3dc4de28e792e3bf49fcf9007ca8ac9",
      "name": "cloud-provider-kind-0.6.0",
      "pname": "cloud-provider-kind",
      "rev": "8eb28adfa3dc4de28e792e3bf49fcf9007ca8ac9",
      "rev_count": 856926,
      "rev_date": "2025-09-05T10:37:24Z",
      "scrape_date": "2025-09-08T03:52:21.340726Z",
      "stabilities": [
        "unstable"
      ],
      "unfree": false,
      "version": "0.6.0",
      "outputs_to_install": [
        "out"
      ],
      "outputs": {
        "out": "/nix/store/ykmmal2rh293lzpxhfzki0jwibbzczyp-cloud-provider-kind-0.6.0"
      },
      "system": "aarch64-linux",
      "group": "toplevel",
      "priority": 5
    },
    {
      "attr_path": "cloud-provider-kind",
      "broken": false,
      "derivation": "/nix/store/zns9zg2jmggs0ba91z5jqz1gpjbq9cbv-cloud-provider-kind-0.6.0.drv",
      "description": "Load Balancer implementation for Kubernetes-in-Docker",
      "install_id": "cloud-provider-kind",
      "license": "Apache-2.0",
      "locked_url": "https://github.com/flox/nixpkgs?rev=8eb28adfa3dc4de28e792e3bf49fcf9007ca8ac9",
      "name": "cloud-provider-kind-0.6.0",
      "pname": "cloud-provider-kind",
      "rev": "8eb28adfa3dc4de28e792e3bf49fcf9007ca8ac9",
      "rev_count": 856926,
      "rev_date": "2025-09-05T10:37:24Z",
      "scrape_date": "2025-09-08T04:22:01.717294Z",
      "stabilities": [
        "unstable"
      ],
      "unfree": false,
      "version": "0.6.0",
      "outputs_to_install": [
        "out"
      ],
      "outputs": {
        "out": "/nix/store/kq76l5m1xkxikfgq2nqlgvwksyjzy8np-cloud-provider-kind-0.6.0"
      },
      "system": "x86_64-darwin",
      "group": "toplevel",
      "priority": 5
    },
    {
      "attr_path": "cloud-provider-kind",
      "broken": false,
      "derivation": "/nix/store/pazainxppi0r2pzbkqqww1rnn92fihag-cloud-provider-kind-0.6.0.drv",
      "description": "Load Balancer implementation for Kubernetes-in-Docker",
      "install_id": "cloud-provider-kind",
      "license": "Apache-2.0",
      "locked_url": "https://github.com/flox/nixpkgs?rev=8eb28adfa3dc4de28e792e3bf49fcf9007ca8ac9",
      "name": "cloud-provider-kind-0.6.0",
      "pname": "cloud-provider-kind",
      "rev": "8eb28adfa3dc4de28e792e3bf49fcf9007ca8ac9",
      "rev_count": 856926,
      "rev_date": "2025-09-05T10:37:24Z",
      "scrape_date": "2025-09-08T04:54:29.839804Z",
      "stabilities": [
        "unstable"
      ],
      "unfree": false,
      "version": "0.6.0",
      "outputs_to_install": [
        "out"
      ],
      "outputs": {
        "out": "/nix/store/4gmvjrfmdvkj36jv9cwbp7axar3qgic7-cloud-provider-kind-0.6.0"
      },
      "system": "x86_64-linux",
      "group": "toplevel",
      "priority": 5
    },
    {
      "attr_path": "docker",
      "broken": false,
      "derivation": "/nix/store/zjjn35ckpxwy8kcj2b33f81hjrwxvisc-docker-28.3.3.drv",
      "description": "Open source project to pack, ship and run any application as a lightweight container",
      "install_id": "docker",
      "license": "Apache-2.0",
      "locked_url": "https://github.com/flox/nixpkgs?rev=8eb28adfa3dc4de28e792e3bf49fcf9007ca8ac9",
      "name": "docker-28.3.3",
      "pname": "docker",
      "rev": "8eb28adfa3dc4de28e792e3bf49fcf9007ca8ac9",
      "rev_count": 856926,
      "rev_date": "2025-09-05T10:37:24Z",
      "scrape_date": "2025-09-08T03:40:12.107896Z",
      "stabilities": [
        "unstable"
      ],
      "unfree": false,
      "version": "28.3.3",
      "outputs_to_install": [
        "out"
      ],
      "outputs": {
        "out": "/nix/store/hingyj7jjl5qkhm54px0wnxbr50ilq7c-docker-28.3.3"
      },
      "system": "aarch64-darwin",
      "group": "toplevel",
      "priority": 5
    },
    {
      "attr_path": "docker",
      "broken": false,
      "derivation": "/nix/store/wh3rsab43w8aps9bykpzcn2h5x196i8k-docker-28.3.3.drv",
      "description": "Open source project to pack, ship and run any application as a lightweight container",
      "install_id": "docker",
      "license": "Apache-2.0",
      "locked_url": "https://github.com/flox/nixpkgs?rev=8eb28adfa3dc4de28e792e3bf49fcf9007ca8ac9",
      "name": "docker-28.3.3",
      "pname": "docker",
      "rev": "8eb28adfa3dc4de28e792e3bf49fcf9007ca8ac9",
      "rev_count": 856926,
      "rev_date": "2025-09-05T10:37:24Z",
      "scrape_date": "2025-09-08T03:52:21.695582Z",
      "stabilities": [
        "unstable"
      ],
      "unfree": false,
      "version": "28.3.3",
      "outputs_to_install": [
        "out"
      ],
      "outputs": {
        "out": "/nix/store/mzw2fqdgbvhixmvdc81xcy5ii2vxwp2z-docker-28.3.3"
      },
      "system": "aarch64-linux",
      "group": "toplevel",
      "priority": 5
    },
    {
      "attr_path": "docker",
      "broken": false,
      "derivation": "/nix/store/v3k1zycvbfxmvsisiv89nfggvk6qhd6a-docker-28.3.3.drv",
      "description": "Open source project to pack, ship and run any application as a lightweight container",
      "install_id": "docker",
      "license": "Apache-2.0",
      "locked_url": "https://github.com/flox/nixpkgs?rev=8eb28adfa3dc4de28e792e3bf49fcf9007ca8ac9",
      "name": "docker-28.3.3",
      "pname": "docker",
      "rev": "8eb28adfa3dc4de28e792e3bf49fcf9007ca8ac9",
      "rev_count": 856926,
      "rev_date": "2025-09-05T10:37:24Z",
      "scrape_date": "2025-09-08T04:22:01.964078Z",
      "stabilities": [
        "unstable"
      ],
      "unfree": false,
      "version": "28.3.3",
      "outputs_to_install": [
        "out"
      ],
      "outputs": {
        "out": "/nix/store/9r9hqr5vi851ijhf4npzwdbmzvkfz8ga-docker-28.3.3"
      },
      "system": "x86_64-darwin",
      "group": "toplevel",
      "priority": 5
    },
    {
      "attr_path": "docker",
      "broken": false,
      "derivation": "/nix/store/ds5l7cl8ylj5h00458gb9d7k3zdvnrlp-docker-28.3.3.drv",
      "description": "Open source project to pack, ship and run any application as a lightweight container",
      "install_id": "docker",
      "license": "Apache-2.0",
      "locked_url": "https://github.com/flox/nixpkgs?rev=8eb28adfa3dc4de28e792e3bf49fcf9007ca8ac9",
      "name": "docker-28.3.3",
      "pname": "docker",
      "rev": "8eb28adfa3dc4de28e792e3bf49fcf9007ca8ac9",
      "rev_count": 856926,
      "rev_date": "2025-09-05T10:37:24Z",
      "scrape_date": "2025-09-08T04:54:30.232657Z",
      "stabilities": [
        "unstable"
      ],
      "unfree": false,
      "version": "28.3.3",
      "outputs_to_install": [
        "out"
      ],
      "outputs": {
        "out": "/nix/store/3yl26dpqcssq2q32rl9j974fjjkdvwmm-docker-28.3.3"
      },
      "system": "x86_64-linux",
      "group": "toplevel",
      "priority": 5
    },
    {
      "attr_path": "go",
      "broken": false,
      "derivation": "/nix/store/b4f7b08k5wnka70sax9qx3d2p1x2sfb9-go-1.24.6.drv",
      "description": "Go Programming language",
      "install_id": "go",
      "license": "BSD-3-Clause",
      "locked_url": "https://github.com/flox/nixpkgs?rev=8eb28adfa3dc4de28e792e3bf49fcf9007ca8ac9",
      "name": "go-1.24.6",
      "pname": "go",
      "rev": "8eb28adfa3dc4de28e792e3bf49fcf9007ca8ac9",
      "rev_count": 856926,
      "rev_date": "2025-09-05T10:37:24Z",
      "scrape_date": "2025-09-08T03:40:12.684933Z",
      "stabilities": [
        "unstable"
      ],
      "unfree": false,
      "version": "1.24.6",
      "outputs_to_install": [
        "out"
      ],
      "outputs": {
        "out": "/nix/store/rgmygksbfyy75iappxpinv0y8lxfq35x-go-1.24.6"
      },
      "system": "aarch64-darwin",
      "group": "toplevel",
      "priority": 5
    },
    {
      "attr_path": "go",
      "broken": false,
      "derivation": "/nix/store/x4i65glp99jc4a2cxkz1scx29s08dw05-go-1.24.6.drv",
      "description": "Go Programming language",
      "install_id": "go",
      "license": "BSD-3-Clause",
      "locked_url": "https://github.com/flox/nixpkgs?rev=8eb28adfa3dc4de28e792e3bf49fcf9007ca8ac9",
      "name": "go-1.24.6",
      "pname": "go",
      "rev": "8eb28adfa3dc4de28e792e3bf49fcf9007ca8ac9",
      "rev_count": 856926,
      "rev_date": "2025-09-05T10:37:24Z",
      "scrape_date": "2025-09-08T03:52:23.014057Z",
      "stabilities": [
        "unstable"
      ],
      "unfree": false,
      "version": "1.24.6",
      "outputs_to_install": [
        "out"
      ],
      "outputs": {
        "out": "/nix/store/w30rz1jlg360zk9d34ylhdvcdz19vyxh-go-1.24.6"
      },
      "system": "aarch64-linux",
      "group": "toplevel",
      "priority": 5
    },
    {
      "attr_path": "go",
      "broken": false,
      "derivation": "/nix/store/awngf5b7wwjyay1nlfjnk25a39f823c3-go-1.24.6.drv",
      "description": "Go Programming language",
      "install_id": "go",
      "license": "BSD-3-Clause",
      "locked_url": "https://github.com/flox/nixpkgs?rev=8eb28adfa3dc4de28e792e3bf49fcf9007ca8ac9",
      "name": "go-1.24.6",
      "pname": "go",
      "rev": "8eb28adfa3dc4de28e792e3bf49fcf9007ca8ac9",
      "rev_count": 856926,
      "rev_date": "2025-09-05T10:37:24Z",
      "scrape_date": "2025-09-08T04:22:02.622612Z",
      "stabilities": [
        "unstable"
      ],
      "unfree": false,
      "version": "1.24.6",
      "outputs_to_install": [
        "out"
      ],
      "outputs": {
        "out": "/nix/store/kcj6a7xghpcsg6by6kkc03s3rr2v34il-go-1.24.6"
      },
      "system": "x86_64-darwin",
      "group": "toplevel",
      "priority": 5
    },
    {
      "attr_path": "go",
      "broken": false,
      "derivation": "/nix/store/lz6sgami9527f9s2sh8bd8y2imv8nqqb-go-1.24.6.drv",
      "description": "Go Programming language",
      "install_id": "go",
      "license": "BSD-3-Clause",
      "locked_url": "https://github.com/flox/nixpkgs?rev=8eb28adfa3dc4de28e792e3bf49fcf9007ca8ac9",
      "name": "go-1.24.6",
      "pname": "go",
      "rev": "8eb28adfa3dc4de28e792e3bf49fcf9007ca8ac9",
      "rev_count": 856926,
      "rev_date": "2025-09-05T10:37:24Z",
      "scrape_date": "2025-09-08T04:54:31.643445Z",
      "stabilities": [
        "unstable"
      ],
      "unfree": false,
      "version": "1.24.6",
      "outputs_to_install": [
        "out"
      ],
      "outputs": {
        "out": "/nix/store/g026m2zmhiah7izdmmvgsq847z2sh1h1-go-1.24.6"
      },
      "system": "x86_64-linux",
      "group": "toplevel",
      "priority": 5
    },
    {
      "attr_path": "gum",
      "broken": false,
      "derivation": "/nix/store/jsj0mfm2znb3qilc260z1mb2s0vy35k6-gum-0.16.2.drv",
      "description": "Tasty Bubble Gum for your shell",
      "install_id": "gum",
      "license": "MIT",
      "locked_url": "https://github.com/flox/nixpkgs?rev=8eb28adfa3dc4de28e792e3bf49fcf9007ca8ac9",
      "name": "gum-0.16.2",
      "pname": "gum",
      "rev": "8eb28adfa3dc4de28e792e3bf49fcf9007ca8ac9",
      "rev_count": 856926,
      "rev_date": "2025-09-05T10:37:24Z",
      "scrape_date": "2025-09-08T03:40:12.894627Z",
      "stabilities": [
        "unstable"
      ],
      "unfree": false,
      "version": "0.16.2",
      "outputs_to_install": [
        "out"
      ],
      "outputs": {
        "out": "/nix/store/j1f0iqns0mcx58cl7zm87m5l2yrmspmf-gum-0.16.2"
      },
      "system": "aarch64-darwin",
      "group": "toplevel",
      "priority": 5
    },
    {
      "attr_path": "gum",
      "broken": false,
      "derivation": "/nix/store/vjp76yd32i13m9pl44q1sq5d1mpd21b5-gum-0.16.2.drv",
      "description": "Tasty Bubble Gum for your shell",
      "install_id": "gum",
      "license": "MIT",
      "locked_url": "https://github.com/flox/nixpkgs?rev=8eb28adfa3dc4de28e792e3bf49fcf9007ca8ac9",
      "name": "gum-0.16.2",
      "pname": "gum",
      "rev": "8eb28adfa3dc4de28e792e3bf49fcf9007ca8ac9",
      "rev_count": 856926,
      "rev_date": "2025-09-05T10:37:24Z",
      "scrape_date": "2025-09-08T03:52:23.350043Z",
      "stabilities": [
        "unstable"
      ],
      "unfree": false,
      "version": "0.16.2",
      "outputs_to_install": [
        "out"
      ],
      "outputs": {
        "out": "/nix/store/wym8fkazpjdk53x61a2f93ibkd7fzc3z-gum-0.16.2"
      },
      "system": "aarch64-linux",
      "group": "toplevel",
      "priority": 5
    },
    {
      "attr_path": "gum",
      "broken": false,
      "derivation": "/nix/store/c8sl1xwz85q75vz9w9wxg5zmd05260fz-gum-0.16.2.drv",
      "description": "Tasty Bubble Gum for your shell",
      "install_id": "gum",
      "license": "MIT",
      "locked_url": "https://github.com/flox/nixpkgs?rev=8eb28adfa3dc4de28e792e3bf49fcf9007ca8ac9",
      "name": "gum-0.16.2",
      "pname": "gum",
      "rev": "8eb28adfa3dc4de28e792e3bf49fcf9007ca8ac9",
      "rev_count": 856926,
      "rev_date": "2025-09-05T10:37:24Z",
      "scrape_date": "2025-09-08T04:22:02.826475Z",
      "stabilities": [
        "unstable"
      ],
      "unfree": false,
      "version": "0.16.2",
      "outputs_to_install": [
        "out"
      ],
      "outputs": {
        "out": "/nix/store/d6vvavvw1grw27c6hcpryxnbd9dhlgc3-gum-0.16.2"
      },
      "system": "x86_64-darwin",
      "group": "toplevel",
      "priority": 5
    },
    {
      "attr_path": "gum",
      "broken": false,
      "derivation": "/nix/store/5ikmr5n3k5z1qyxx9w01hz2lk3nq6m3n-gum-0.16.2.drv",
      "description": "Tasty Bubble Gum for your shell",
      "install_id": "gum",
      "license": "MIT",
      "locked_url": "https://github.com/flox/nixpkgs?rev=8eb28adfa3dc4de28e792e3bf49fcf9007ca8ac9",
      "name": "gum-0.16.2",
      "pname": "gum",
      "rev": "8eb28adfa3dc4de28e792e3bf49fcf9007ca8ac9",
      "rev_count": 856926,
      "rev_date": "2025-09-05T10:37:24Z",
      "scrape_date": "2025-09-08T04:54:32.004986Z",
      "stabilities": [
        "unstable"
      ],
      "unfree": false,
      "version": "0.16.2",
      "outputs_to_install": [
        "out"
      ],
      "outputs": {
        "out": "/nix/store/clzvgk0k4by4xvpsmcixj75x2x20by0j-gum-0.16.2"
      },
      "system": "x86_64-linux",
      "group": "toplevel",
      "priority": 5
    },
    {
      "attr_path": "k9s",
      "broken": false,
      "derivation": "/nix/store/fqb28rqb42sxvhn1l75q2nhwa6fbxd3d-k9s-0.50.9.drv",
      "description": "Kubernetes CLI To Manage Your Clusters In Style",
      "install_id": "k9s",
      "license": "Apache-2.0",
      "locked_url": "https://github.com/flox/nixpkgs?rev=8eb28adfa3dc4de28e792e3bf49fcf9007ca8ac9",
      "name": "k9s-0.50.9",
      "pname": "k9s",
      "rev": "8eb28adfa3dc4de28e792e3bf49fcf9007ca8ac9",
      "rev_count": 856926,
      "rev_date": "2025-09-05T10:37:24Z",
      "scrape_date": "2025-09-08T03:40:56.629757Z",
      "stabilities": [
        "unstable"
      ],
      "unfree": false,
      "version": "0.50.9",
      "outputs_to_install": [
        "out"
      ],
      "outputs": {
        "out": "/nix/store/kivl3m1486wwfn0338jmra5k1qi3rghb-k9s-0.50.9"
      },
      "system": "aarch64-darwin",
      "group": "toplevel",
      "priority": 5
    },
    {
      "attr_path": "k9s",
      "broken": false,
      "derivation": "/nix/store/bj2qrnpzkd3szik3snl74515f6mfnkz5-k9s-0.50.9.drv",
      "description": "Kubernetes CLI To Manage Your Clusters In Style",
      "install_id": "k9s",
      "license": "Apache-2.0",
      "locked_url": "https://github.com/flox/nixpkgs?rev=8eb28adfa3dc4de28e792e3bf49fcf9007ca8ac9",
      "name": "k9s-0.50.9",
      "pname": "k9s",
      "rev": "8eb28adfa3dc4de28e792e3bf49fcf9007ca8ac9",
      "rev_count": 856926,
      "rev_date": "2025-09-05T10:37:24Z",
      "scrape_date": "2025-09-08T03:52:42.683136Z",
      "stabilities": [
        "unstable"
      ],
      "unfree": false,
      "version": "0.50.9",
      "outputs_to_install": [
        "out"
      ],
      "outputs": {
        "out": "/nix/store/0mi7az7wl8vwhzbca19mbbwv3wm9s9h8-k9s-0.50.9"
      },
      "system": "aarch64-linux",
      "group": "toplevel",
      "priority": 5
    },
    {
      "attr_path": "k9s",
      "broken": false,
      "derivation": "/nix/store/8y5gbmhjd4bh1hrlzgdk244lpgm0ap3q-k9s-0.50.9.drv",
      "description": "Kubernetes CLI To Manage Your Clusters In Style",
      "install_id": "k9s",
      "license": "Apache-2.0",
      "locked_url": "https://github.com/flox/nixpkgs?rev=8eb28adfa3dc4de28e792e3bf49fcf9007ca8ac9",
      "name": "k9s-0.50.9",
      "pname": "k9s",
      "rev": "8eb28adfa3dc4de28e792e3bf49fcf9007ca8ac9",
      "rev_count": 856926,
      "rev_date": "2025-09-05T10:37:24Z",
      "scrape_date": "2025-09-08T04:22:18.173833Z",
      "stabilities": [
        "unstable"
      ],
      "unfree": false,
      "version": "0.50.9",
      "outputs_to_install": [
        "out"
      ],
      "outputs": {
        "out": "/nix/store/vsnypwhz60kgib8ys97rf3blmh6rdqll-k9s-0.50.9"
      },
      "system": "x86_64-darwin",
      "group": "toplevel",
      "priority": 5
    },
    {
      "attr_path": "k9s",
      "broken": false,
      "derivation": "/nix/store/p5r45lmlgcb8fq40ikgqirrkx9sgxann-k9s-0.50.9.drv",
      "description": "Kubernetes CLI To Manage Your Clusters In Style",
      "install_id": "k9s",
      "license": "Apache-2.0",
      "locked_url": "https://github.com/flox/nixpkgs?rev=8eb28adfa3dc4de28e792e3bf49fcf9007ca8ac9",
      "name": "k9s-0.50.9",
      "pname": "k9s",
      "rev": "8eb28adfa3dc4de28e792e3bf49fcf9007ca8ac9",
      "rev_count": 856926,
      "rev_date": "2025-09-05T10:37:24Z",
      "scrape_date": "2025-09-08T04:54:51.324677Z",
      "stabilities": [
        "unstable"
      ],
      "unfree": false,
      "version": "0.50.9",
      "outputs_to_install": [
        "out"
      ],
      "outputs": {
        "out": "/nix/store/wzmy177c9cw1ghg0719d5da9x1gvjyh4-k9s-0.50.9"
      },
      "system": "x86_64-linux",
      "group": "toplevel",
      "priority": 5
    },
    {
      "attr_path": "kind",
      "broken": false,
      "derivation": "/nix/store/nm7n490n194n1gqppqrz2224cd6zq9p6-kind-0.30.0.drv",
      "description": "Kubernetes IN Docker - local clusters for testing Kubernetes",
      "install_id": "kind",
      "license": "Apache-2.0",
      "locked_url": "https://github.com/flox/nixpkgs?rev=8eb28adfa3dc4de28e792e3bf49fcf9007ca8ac9",
      "name": "kind-0.30.0",
      "pname": "kind",
      "rev": "8eb28adfa3dc4de28e792e3bf49fcf9007ca8ac9",
      "rev_count": 856926,
      "rev_date": "2025-09-05T10:37:24Z",
      "scrape_date": "2025-09-08T03:40:56.925148Z",
      "stabilities": [
        "unstable"
      ],
      "unfree": false,
      "version": "0.30.0",
      "outputs_to_install": [
        "out"
      ],
      "outputs": {
        "out": "/nix/store/ncqgz6jlj6mkdy7zka18svrdkddd7nz0-kind-0.30.0"
      },
      "system": "aarch64-darwin",
      "group": "toplevel",
      "priority": 5
    },
    {
      "attr_path": "kind",
      "broken": false,
      "derivation": "/nix/store/1lgx32p1kprz0qam6h9w93wn7dg3gq11-kind-0.30.0.drv",
      "description": "Kubernetes IN Docker - local clusters for testing Kubernetes",
      "install_id": "kind",
      "license": "Apache-2.0",
      "locked_url": "https://github.com/flox/nixpkgs?rev=8eb28adfa3dc4de28e792e3bf49fcf9007ca8ac9",
      "name": "kind-0.30.0",
      "pname": "kind",
      "rev": "8eb28adfa3dc4de28e792e3bf49fcf9007ca8ac9",
      "rev_count": 856926,
      "rev_date": "2025-09-05T10:37:24Z",
      "scrape_date": "2025-09-08T03:52:43.729462Z",
      "stabilities": [
        "unstable"
      ],
      "unfree": false,
      "version": "0.30.0",
      "outputs_to_install": [
        "out"
      ],
      "outputs": {
        "out": "/nix/store/ck99hfiw7a782yx66f3zln96p8r2qryi-kind-0.30.0"
      },
      "system": "aarch64-linux",
      "group": "toplevel",
      "priority": 5
    },
    {
      "attr_path": "kind",
      "broken": false,
      "derivation": "/nix/store/vgi51fznaf9qhfxfcl1264wwlifby3hj-kind-0.30.0.drv",
      "description": "Kubernetes IN Docker - local clusters for testing Kubernetes",
      "install_id": "kind",
      "license": "Apache-2.0",
      "locked_url": "https://github.com/flox/nixpkgs?rev=8eb28adfa3dc4de28e792e3bf49fcf9007ca8ac9",
      "name": "kind-0.30.0",
      "pname": "kind",
      "rev": "8eb28adfa3dc4de28e792e3bf49fcf9007ca8ac9",
      "rev_count": 856926,
      "rev_date": "2025-09-05T10:37:24Z",
      "scrape_date": "2025-09-08T04:22:18.496920Z",
      "stabilities": [
        "unstable"
      ],
      "unfree": false,
      "version": "0.30.0",
      "outputs_to_install": [
        "out"
      ],
      "outputs": {
        "out": "/nix/store/5biyghay9wdlgh81r29gc2d33h3bizzc-kind-0.30.0"
      },
      "system": "x86_64-darwin",
      "group": "toplevel",
      "priority": 5
    },
    {
      "attr_path": "kind",
      "broken": false,
      "derivation": "/nix/store/ccv7wyp5idk8rdarydm5764hf971qwy6-kind-0.30.0.drv",
      "description": "Kubernetes IN Docker - local clusters for testing Kubernetes",
      "install_id": "kind",
      "license": "Apache-2.0",
      "locked_url": "https://github.com/flox/nixpkgs?rev=8eb28adfa3dc4de28e792e3bf49fcf9007ca8ac9",
      "name": "kind-0.30.0",
      "pname": "kind",
      "rev": "8eb28adfa3dc4de28e792e3bf49fcf9007ca8ac9",
      "rev_count": 856926,
      "rev_date": "2025-09-05T10:37:24Z",
      "scrape_date": "2025-09-08T04:54:52.431909Z",
      "stabilities": [
        "unstable"
      ],
      "unfree": false,
      "version": "0.30.0",
      "outputs_to_install": [
        "out"
      ],
      "outputs": {
        "out": "/nix/store/lxdzb8slci6hfsddxcpvz7x0wngkq2rc-kind-0.30.0"
      },
      "system": "x86_64-linux",
      "group": "toplevel",
      "priority": 5
    },
    {
      "attr_path": "kubebuilder",
      "broken": false,
      "derivation": "/nix/store/yp132s690q765lg3i4qxi8nz4jw3im3g-kubebuilder-4.7.1.drv",
      "description": "SDK for building Kubernetes APIs using CRDs",
      "install_id": "kubebuilder",
      "license": "Apache-2.0",
      "locked_url": "https://github.com/flox/nixpkgs?rev=8eb28adfa3dc4de28e792e3bf49fcf9007ca8ac9",
      "name": "kubebuilder-4.7.1",
      "pname": "kubebuilder",
      "rev": "8eb28adfa3dc4de28e792e3bf49fcf9007ca8ac9",
      "rev_count": 856926,
      "rev_date": "2025-09-05T10:37:24Z",
      "scrape_date": "2025-09-08T03:40:57.136225Z",
      "stabilities": [
        "unstable"
      ],
      "unfree": false,
      "version": "4.7.1",
      "outputs_to_install": [
        "out"
      ],
      "outputs": {
        "out": "/nix/store/v31vf6n8zdiiw5619phfc0ndmp2rzxkp-kubebuilder-4.7.1"
      },
      "system": "aarch64-darwin",
      "group": "toplevel",
      "priority": 5
    },
    {
      "attr_path": "kubebuilder",
      "broken": false,
      "derivation": "/nix/store/zhr9h44mg2rm9k4axgwj7c2y1ay41xl0-kubebuilder-4.7.1.drv",
      "description": "SDK for building Kubernetes APIs using CRDs",
      "install_id": "kubebuilder",
      "license": "Apache-2.0",
      "locked_url": "https://github.com/flox/nixpkgs?rev=8eb28adfa3dc4de28e792e3bf49fcf9007ca8ac9",
      "name": "kubebuilder-4.7.1",
      "pname": "kubebuilder",
      "rev": "8eb28adfa3dc4de28e792e3bf49fcf9007ca8ac9",
      "rev_count": 856926,
      "rev_date": "2025-09-05T10:37:24Z",
      "scrape_date": "2025-09-08T03:52:44.116961Z",
      "stabilities": [
        "unstable"
      ],
      "unfree": false,
      "version": "4.7.1",
      "outputs_to_install": [
        "out"
      ],
      "outputs": {
        "out": "/nix/store/48i89lzq77n5j6wxdzb72gb4qpfs3k58-kubebuilder-4.7.1"
      },
      "system": "aarch64-linux",
      "group": "toplevel",
      "priority": 5
    },
    {
      "attr_path": "kubebuilder",
      "broken": false,
      "derivation": "/nix/store/l90xanijvlbryr5wc5d8cbgkz68gjkks-kubebuilder-4.7.1.drv",
      "description": "SDK for building Kubernetes APIs using CRDs",
      "install_id": "kubebuilder",
      "license": "Apache-2.0",
      "locked_url": "https://github.com/flox/nixpkgs?rev=8eb28adfa3dc4de28e792e3bf49fcf9007ca8ac9",
      "name": "kubebuilder-4.7.1",
      "pname": "kubebuilder",
      "rev": "8eb28adfa3dc4de28e792e3bf49fcf9007ca8ac9",
      "rev_count": 856926,
      "rev_date": "2025-09-05T10:37:24Z",
      "scrape_date": "2025-09-08T04:22:18.714370Z",
      "stabilities": [
        "unstable"
      ],
      "unfree": false,
      "version": "4.7.1",
      "outputs_to_install": [
        "out"
      ],
      "outputs": {
        "out": "/nix/store/ljal5v929d3nv2n02mv1arc5d5a2lkdk-kubebuilder-4.7.1"
      },
      "system": "x86_64-darwin",
      "group": "toplevel",
      "priority": 5
    },
    {
      "attr_path": "kubebuilder",
      "broken": false,
      "derivation": "/nix/store/qj6n96qxvdywyr5angqi3pa5vza16n11-kubebuilder-4.7.1.drv",
      "description": "SDK for building Kubernetes APIs using CRDs",
      "install_id": "kubebuilder",
      "license": "Apache-2.0",
      "locked_url": "https://github.com/flox/nixpkgs?rev=8eb28adfa3dc4de28e792e3bf49fcf9007ca8ac9",
      "name": "kubebuilder-4.7.1",
      "pname": "kubebuilder",
      "rev": "8eb28adfa3dc4de28e792e3bf49fcf9007ca8ac9",
      "rev_count": 856926,
      "rev_date": "2025-09-05T10:37:24Z",
      "scrape_date": "2025-09-08T04:54:52.842755Z",
      "stabilities": [
        "unstable"
      ],
      "unfree": false,
      "version": "4.7.1",
      "outputs_to_install": [
        "out"
      ],
      "outputs": {
        "out": "/nix/store/n5p7a1knal796zv3zpfx13a96jdjg2a6-kubebuilder-4.7.1"
      },
      "system": "x86_64-linux",
      "group": "toplevel",
      "priority": 5
    },
    {
      "attr_path": "kubectl",
      "broken": false,
      "derivation": "/nix/store/q46rh8813gja3qc01x0cb1kqy41l7w52-kubectl-1.33.4.drv",
      "description": "Kubernetes CLI",
      "install_id": "kubectl",
      "license": "Apache-2.0",
      "locked_url": "https://github.com/flox/nixpkgs?rev=8eb28adfa3dc4de28e792e3bf49fcf9007ca8ac9",
      "name": "kubectl-1.33.4",
      "pname": "kubectl",
      "rev": "8eb28adfa3dc4de28e792e3bf49fcf9007ca8ac9",
      "rev_count": 856926,
      "rev_date": "2025-09-05T10:37:24Z",
      "scrape_date": "2025-09-08T03:40:57.142815Z",
      "stabilities": [
        "unstable"
      ],
      "unfree": false,
      "version": "1.33.4",
      "outputs_to_install": [
        "man",
        "out"
      ],
      "outputs": {
        "convert": "/nix/store/vzdfflsl6d461z6gzmsycz8f6sa8xq62-kubectl-1.33.4-convert",
        "man": "/nix/store/lxzi8c8ycldg9d2j01km24dxhji17h9w-kubectl-1.33.4-man",
        "out": "/nix/store/cnfxv0c8acrxai9m9c0918xlzzirfxqg-kubectl-1.33.4"
      },
      "system": "aarch64-darwin",
      "group": "toplevel",
      "priority": 5
    },
    {
      "attr_path": "kubectl",
      "broken": false,
      "derivation": "/nix/store/nppw5vl6rsdrckhlpdn7fd2610whkr7m-kubectl-1.33.4.drv",
      "description": "Kubernetes CLI",
      "install_id": "kubectl",
      "license": "Apache-2.0",
      "locked_url": "https://github.com/flox/nixpkgs?rev=8eb28adfa3dc4de28e792e3bf49fcf9007ca8ac9",
      "name": "kubectl-1.33.4",
      "pname": "kubectl",
      "rev": "8eb28adfa3dc4de28e792e3bf49fcf9007ca8ac9",
      "rev_count": 856926,
      "rev_date": "2025-09-05T10:37:24Z",
      "scrape_date": "2025-09-08T03:52:44.124829Z",
      "stabilities": [
        "unstable"
      ],
      "unfree": false,
      "version": "1.33.4",
      "outputs_to_install": [
        "man",
        "out"
      ],
      "outputs": {
        "convert": "/nix/store/wbxgrmn0py4qb1dz3p9d012za4sy1i01-kubectl-1.33.4-convert",
        "man": "/nix/store/ydxgai54r27zqsbljfaigw0am69vkril-kubectl-1.33.4-man",
        "out": "/nix/store/akyggypyd4dhcdd3gr4dg6apkah16prf-kubectl-1.33.4"
      },
      "system": "aarch64-linux",
      "group": "toplevel",
      "priority": 5
    },
    {
      "attr_path": "kubectl",
      "broken": false,
      "derivation": "/nix/store/1ack05kqvch7mlm1jfi7ibvaa9jzh61j-kubectl-1.33.4.drv",
      "description": "Kubernetes CLI",
      "install_id": "kubectl",
      "license": "Apache-2.0",
      "locked_url": "https://github.com/flox/nixpkgs?rev=8eb28adfa3dc4de28e792e3bf49fcf9007ca8ac9",
      "name": "kubectl-1.33.4",
      "pname": "kubectl",
      "rev": "8eb28adfa3dc4de28e792e3bf49fcf9007ca8ac9",
      "rev_count": 856926,
      "rev_date": "2025-09-05T10:37:24Z",
      "scrape_date": "2025-09-08T04:22:18.721739Z",
      "stabilities": [
        "unstable"
      ],
      "unfree": false,
      "version": "1.33.4",
      "outputs_to_install": [
        "man",
        "out"
      ],
      "outputs": {
        "convert": "/nix/store/w1wfx5w68y5v3lnr34p3n68csq11mzsd-kubectl-1.33.4-convert",
        "man": "/nix/store/ddxll8ddh7a73v5kxxqby9v50ifr82y6-kubectl-1.33.4-man",
        "out": "/nix/store/knzwn9wda68sznza869j1yiwvgr7hywp-kubectl-1.33.4"
      },
      "system": "x86_64-darwin",
      "group": "toplevel",
      "priority": 5
    },
    {
      "attr_path": "kubectl",
      "broken": false,
      "derivation": "/nix/store/y1a0880zmda87jahqfnfwyz9f33x9g7k-kubectl-1.33.4.drv",
      "description": "Kubernetes CLI",
      "install_id": "kubectl",
      "license": "Apache-2.0",
      "locked_url": "https://github.com/flox/nixpkgs?rev=8eb28adfa3dc4de28e792e3bf49fcf9007ca8ac9",
      "name": "kubectl-1.33.4",
      "pname": "kubectl",
      "rev": "8eb28adfa3dc4de28e792e3bf49fcf9007ca8ac9",
      "rev_count": 856926,
      "rev_date": "2025-09-05T10:37:24Z",
      "scrape_date": "2025-09-08T04:54:52.850857Z",
      "stabilities": [
        "unstable"
      ],
      "unfree": false,
      "version": "1.33.4",
      "outputs_to_install": [
        "man",
        "out"
      ],
      "outputs": {
        "convert": "/nix/store/q0q4vvlpy58b4fb5i0qf206bd9w2p4xx-kubectl-1.33.4-convert",
        "man": "/nix/store/y29ssajml6nr9ayyy46l9g543y0db2pa-kubectl-1.33.4-man",
        "out": "/nix/store/g7sdhh062sc85y74brqq4ndnl07cv6sv-kubectl-1.33.4"
      },
      "system": "x86_64-linux",
      "group": "toplevel",
      "priority": 5
    },
    {
      "attr_path": "kubectx",
      "broken": false,
      "derivation": "/nix/store/pn3nap4jg5wzxp2jgpcpqaambaai91cr-kubectx-0.9.5.drv",
      "description": "Fast way to switch between clusters and namespaces in kubectl",
      "install_id": "kubectx",
      "license": "Apache-2.0",
      "locked_url": "https://github.com/flox/nixpkgs?rev=8eb28adfa3dc4de28e792e3bf49fcf9007ca8ac9",
      "name": "kubectx-0.9.5",
      "pname": "kubectx",
      "rev": "8eb28adfa3dc4de28e792e3bf49fcf9007ca8ac9",
      "rev_count": 856926,
      "rev_date": "2025-09-05T10:37:24Z",
      "scrape_date": "2025-09-08T03:40:57.167789Z",
      "stabilities": [
        "unstable"
      ],
      "unfree": false,
      "version": "0.9.5",
      "outputs_to_install": [
        "out"
      ],
      "outputs": {
        "out": "/nix/store/wyics1gbdd51i805ilzx9mj21jg54rz1-kubectx-0.9.5"
      },
      "system": "aarch64-darwin",
      "group": "toplevel",
      "priority": 5
    },
    {
      "attr_path": "kubectx",
      "broken": false,
      "derivation": "/nix/store/zhync8gk13zqvhzvqr2w5hd3washcwni-kubectx-0.9.5.drv",
      "description": "Fast way to switch between clusters and namespaces in kubectl",
      "install_id": "kubectx",
      "license": "Apache-2.0",
      "locked_url": "https://github.com/flox/nixpkgs?rev=8eb28adfa3dc4de28e792e3bf49fcf9007ca8ac9",
      "name": "kubectx-0.9.5",
      "pname": "kubectx",
      "rev": "8eb28adfa3dc4de28e792e3bf49fcf9007ca8ac9",
      "rev_count": 856926,
      "rev_date": "2025-09-05T10:37:24Z",
      "scrape_date": "2025-09-08T03:52:44.155953Z",
      "stabilities": [
        "unstable"
      ],
      "unfree": false,
      "version": "0.9.5",
      "outputs_to_install": [
        "out"
      ],
      "outputs": {
        "out": "/nix/store/d0nzl4si6jddvaqba88xc13xghp81mdc-kubectx-0.9.5"
      },
      "system": "aarch64-linux",
      "group": "toplevel",
      "priority": 5
    },
    {
      "attr_path": "kubectx",
      "broken": false,
      "derivation": "/nix/store/53i0ksqn5x8wmw3647pwshdcnaw8fh5m-kubectx-0.9.5.drv",
      "description": "Fast way to switch between clusters and namespaces in kubectl",
      "install_id": "kubectx",
      "license": "Apache-2.0",
      "locked_url": "https://github.com/flox/nixpkgs?rev=8eb28adfa3dc4de28e792e3bf49fcf9007ca8ac9",
      "name": "kubectx-0.9.5",
      "pname": "kubectx",
      "rev": "8eb28adfa3dc4de28e792e3bf49fcf9007ca8ac9",
      "rev_count": 856926,
      "rev_date": "2025-09-05T10:37:24Z",
      "scrape_date": "2025-09-08T04:22:18.748763Z",
      "stabilities": [
        "unstable"
      ],
      "unfree": false,
      "version": "0.9.5",
      "outputs_to_install": [
        "out"
      ],
      "outputs": {
        "out": "/nix/store/37nr7ybg04sjgm756jnabcg2zbs90yg0-kubectx-0.9.5"
      },
      "system": "x86_64-darwin",
      "group": "toplevel",
      "priority": 5
    },
    {
      "attr_path": "kubectx",
      "broken": false,
      "derivation": "/nix/store/rdxr20afvcwb4ifp6zkmlsq8r96sh63b-kubectx-0.9.5.drv",
      "description": "Fast way to switch between clusters and namespaces in kubectl",
      "install_id": "kubectx",
      "license": "Apache-2.0",
      "locked_url": "https://github.com/flox/nixpkgs?rev=8eb28adfa3dc4de28e792e3bf49fcf9007ca8ac9",
      "name": "kubectx-0.9.5",
      "pname": "kubectx",
      "rev": "8eb28adfa3dc4de28e792e3bf49fcf9007ca8ac9",
      "rev_count": 856926,
      "rev_date": "2025-09-05T10:37:24Z",
      "scrape_date": "2025-09-08T04:54:52.883158Z",
      "stabilities": [
        "unstable"
      ],
      "unfree": false,
      "version": "0.9.5",
      "outputs_to_install": [
        "out"
      ],
      "outputs": {
        "out": "/nix/store/xfawaj5n1i81a19lrfvi25vlbh441mjv-kubectx-0.9.5"
      },
      "system": "x86_64-linux",
      "group": "toplevel",
      "priority": 5
    },
    {
      "attr_path": "kubefwd",
      "broken": false,
      "derivation": "/nix/store/qq28zqx2kvh3rickxpjgidmvhrccqks1-kubefwd-1.22.5.drv",
      "description": "Bulk port forwarding Kubernetes services for local development",
      "install_id": "kubefwd",
      "license": "Apache-2.0",
      "locked_url": "https://github.com/flox/nixpkgs?rev=8eb28adfa3dc4de28e792e3bf49fcf9007ca8ac9",
      "name": "kubefwd-1.22.5",
      "pname": "kubefwd",
      "rev": "8eb28adfa3dc4de28e792e3bf49fcf9007ca8ac9",
      "rev_count": 856926,
      "rev_date": "2025-09-05T10:37:24Z",
      "scrape_date": "2025-09-08T03:40:57.174248Z",
      "stabilities": [
        "unstable"
      ],
      "unfree": false,
      "version": "1.22.5",
      "outputs_to_install": [
        "out"
      ],
      "outputs": {
        "out": "/nix/store/rg1dp1snxm76j8d94g9lxx96agwapjdk-kubefwd-1.22.5"
      },
      "system": "aarch64-darwin",
      "group": "toplevel",
      "priority": 5
    },
    {
      "attr_path": "kubefwd",
      "broken": false,
      "derivation": "/nix/store/n30jaz1m4ys5hf2hnq71zvxal45gv672-kubefwd-1.22.5.drv",
      "description": "Bulk port forwarding Kubernetes services for local development",
      "install_id": "kubefwd",
      "license": "Apache-2.0",
      "locked_url": "https://github.com/flox/nixpkgs?rev=8eb28adfa3dc4de28e792e3bf49fcf9007ca8ac9",
      "name": "kubefwd-1.22.5",
      "pname": "kubefwd",
      "rev": "8eb28adfa3dc4de28e792e3bf49fcf9007ca8ac9",
      "rev_count": 856926,
      "rev_date": "2025-09-05T10:37:24Z",
      "scrape_date": "2025-09-08T03:52:44.163915Z",
      "stabilities": [
        "unstable"
      ],
      "unfree": false,
      "version": "1.22.5",
      "outputs_to_install": [
        "out"
      ],
      "outputs": {
        "out": "/nix/store/b51z3w1k9zx26xmi62qdfp0q0i4p7ygc-kubefwd-1.22.5"
      },
      "system": "aarch64-linux",
      "group": "toplevel",
      "priority": 5
    },
    {
      "attr_path": "kubefwd",
      "broken": false,
      "derivation": "/nix/store/mpm6lx02n04allwa06lw5x6giq55camj-kubefwd-1.22.5.drv",
      "description": "Bulk port forwarding Kubernetes services for local development",
      "install_id": "kubefwd",
      "license": "Apache-2.0",
      "locked_url": "https://github.com/flox/nixpkgs?rev=8eb28adfa3dc4de28e792e3bf49fcf9007ca8ac9",
      "name": "kubefwd-1.22.5",
      "pname": "kubefwd",
      "rev": "8eb28adfa3dc4de28e792e3bf49fcf9007ca8ac9",
      "rev_count": 856926,
      "rev_date": "2025-09-05T10:37:24Z",
      "scrape_date": "2025-09-08T04:22:18.756102Z",
      "stabilities": [
        "unstable"
      ],
      "unfree": false,
      "version": "1.22.5",
      "outputs_to_install": [
        "out"
      ],
      "outputs": {
        "out": "/nix/store/pnpps57r32bk1j4dn92m6chs8v07xzyz-kubefwd-1.22.5"
      },
      "system": "x86_64-darwin",
      "group": "toplevel",
      "priority": 5
    },
    {
      "attr_path": "kubefwd",
      "broken": false,
      "derivation": "/nix/store/nsvd76i179kbyalqgl5pyy6kcnp0j7kc-kubefwd-1.22.5.drv",
      "description": "Bulk port forwarding Kubernetes services for local development",
      "install_id": "kubefwd",
      "license": "Apache-2.0",
      "locked_url": "https://github.com/flox/nixpkgs?rev=8eb28adfa3dc4de28e792e3bf49fcf9007ca8ac9",
      "name": "kubefwd-1.22.5",
      "pname": "kubefwd",
      "rev": "8eb28adfa3dc4de28e792e3bf49fcf9007ca8ac9",
      "rev_count": 856926,
      "rev_date": "2025-09-05T10:37:24Z",
      "scrape_date": "2025-09-08T04:54:52.891551Z",
      "stabilities": [
        "unstable"
      ],
      "unfree": false,
      "version": "1.22.5",
      "outputs_to_install": [
        "out"
      ],
      "outputs": {
        "out": "/nix/store/qh6pnwdxwnjx8jpcdanak5ddggpzhyb3-kubefwd-1.22.5"
      },
      "system": "x86_64-linux",
      "group": "toplevel",
      "priority": 5
    },
    {
      "attr_path": "kubernetes-helm",
      "broken": false,
      "derivation": "/nix/store/6fs8a4fc6drr1wr5k73r2la2k1p4njb4-kubernetes-helm-3.18.6.drv",
      "description": "Package manager for kubernetes",
      "install_id": "kubernetes-helm",
      "license": "Apache-2.0",
      "locked_url": "https://github.com/flox/nixpkgs?rev=8eb28adfa3dc4de28e792e3bf49fcf9007ca8ac9",
      "name": "kubernetes-helm-3.18.6",
      "pname": "kubernetes-helm",
      "rev": "8eb28adfa3dc4de28e792e3bf49fcf9007ca8ac9",
      "rev_count": 856926,
      "rev_date": "2025-09-05T10:37:24Z",
      "scrape_date": "2025-09-08T03:40:57.188283Z",
      "stabilities": [
        "unstable"
      ],
      "unfree": false,
      "version": "3.18.6",
      "outputs_to_install": [
        "out"
      ],
      "outputs": {
        "out": "/nix/store/8yqibwk5l20sssa9m1jzxm6wxx34y16r-kubernetes-helm-3.18.6"
      },
      "system": "aarch64-darwin",
      "group": "toplevel",
      "priority": 5
    },
    {
      "attr_path": "kubernetes-helm",
      "broken": false,
      "derivation": "/nix/store/xqrb6wb3gl80q1njymbw594gas05br6k-kubernetes-helm-3.18.6.drv",
      "description": "Package manager for kubernetes",
      "install_id": "kubernetes-helm",
      "license": "Apache-2.0",
      "locked_url": "https://github.com/flox/nixpkgs?rev=8eb28adfa3dc4de28e792e3bf49fcf9007ca8ac9",
      "name": "kubernetes-helm-3.18.6",
      "pname": "kubernetes-helm",
      "rev": "8eb28adfa3dc4de28e792e3bf49fcf9007ca8ac9",
      "rev_count": 856926,
      "rev_date": "2025-09-05T10:37:24Z",
      "scrape_date": "2025-09-08T03:52:44.182389Z",
      "stabilities": [
        "unstable"
      ],
      "unfree": false,
      "version": "3.18.6",
      "outputs_to_install": [
        "out"
      ],
      "outputs": {
        "out": "/nix/store/ixjyl1lw1b8hg9jliyq4790gbq4b7r3v-kubernetes-helm-3.18.6"
      },
      "system": "aarch64-linux",
      "group": "toplevel",
      "priority": 5
    },
    {
      "attr_path": "kubernetes-helm",
      "broken": false,
      "derivation": "/nix/store/qra9mjj4glc95zkfivdccgdi1lmysklk-kubernetes-helm-3.18.6.drv",
      "description": "Package manager for kubernetes",
      "install_id": "kubernetes-helm",
      "license": "Apache-2.0",
      "locked_url": "https://github.com/flox/nixpkgs?rev=8eb28adfa3dc4de28e792e3bf49fcf9007ca8ac9",
      "name": "kubernetes-helm-3.18.6",
      "pname": "kubernetes-helm",
      "rev": "8eb28adfa3dc4de28e792e3bf49fcf9007ca8ac9",
      "rev_count": 856926,
      "rev_date": "2025-09-05T10:37:24Z",
      "scrape_date": "2025-09-08T04:22:18.771430Z",
      "stabilities": [
        "unstable"
      ],
      "unfree": false,
      "version": "3.18.6",
      "outputs_to_install": [
        "out"
      ],
      "outputs": {
        "out": "/nix/store/anadhcv3p838dj76gppzbxjabd3gkjbx-kubernetes-helm-3.18.6"
      },
      "system": "x86_64-darwin",
      "group": "toplevel",
      "priority": 5
    },
    {
      "attr_path": "kubernetes-helm",
      "broken": false,
      "derivation": "/nix/store/m1mirmnhplrb4kds4cifbdxxsyma3q5k-kubernetes-helm-3.18.6.drv",
      "description": "Package manager for kubernetes",
      "install_id": "kubernetes-helm",
      "license": "Apache-2.0",
      "locked_url": "https://github.com/flox/nixpkgs?rev=8eb28adfa3dc4de28e792e3bf49fcf9007ca8ac9",
      "name": "kubernetes-helm-3.18.6",
      "pname": "kubernetes-helm",
      "rev": "8eb28adfa3dc4de28e792e3bf49fcf9007ca8ac9",
      "rev_count": 856926,
      "rev_date": "2025-09-05T10:37:24Z",
      "scrape_date": "2025-09-08T04:54:52.910439Z",
      "stabilities": [
        "unstable"
      ],
      "unfree": false,
      "version": "3.18.6",
      "outputs_to_install": [
        "out"
      ],
      "outputs": {
        "out": "/nix/store/kpx34nhvc44n4h0hmak7ngqb0wqw4ylf-kubernetes-helm-3.18.6"
      },
      "system": "x86_64-linux",
      "group": "toplevel",
      "priority": 5
    }
  ]
}
