{
  "lockfile-version": 1,
  "manifest": {
    "version": 1,
    "install": {
      "cloud-provider-kind": {
        "pkg-path": "cloud-provider-kind"
      },
      "docker": {
        "pkg-path": "docker"
      },
      "go": {
        "pkg-path": "go",
        "version": "1.24.6"
      },
      "gum": {
        "pkg-path": "gum"
      },
      "k9s": {
        "pkg-path": "k9s"
      },
      "kind": {
        "pkg-path": "kind"
      },
      "kubebuilder": {
        "pkg-path": "kubebuilder"
      },
      "kubectl": {
        "pkg-path": "kubectl"
      },
      "kubectx": {
        "pkg-path": "kubectx"
      },
      "kubefwd": {
        "pkg-path": "kubefwd"
      },
      "kubernetes-helm": {
        "pkg-path": "kubernetes-helm"
      }
    },
    "vars": {
      "GOCACHE": "$HOME/.cache/go-build",
      "GOMODCACHE": "$HOME/go/pkg/mod",
      "GOPATH": "$HOME/go",
      "INTRO_MESSAGE": "Accesserator environment activated"
    },
    "hook": {},
    "profile": {
      "common": "gum style \\\n    --foreground 212 --border-foreground 212 --border double \\\n    --align center --width 50 --margin \"1 2\" --padding \"2 4\" \\\n    $INTRO_MESSAGE\n# "
    },
    "options": {}
  },
  "packages": [
    {
      "attr_path": "cloud-provider-kind",
      "broken": false,
      "derivation": "/nix/store/pi5y4msqwakzgx2xxm8hrgsjp2nll6kn-cloud-provider-kind-0.6.0.drv",
      "description": "Load Balancer implementation for Kubernetes-in-Docker",
      "install_id": "cloud-provider-kind",
      "license": "Apache-2.0",
      "locked_url": "https://github.com/flox/nixpkgs?rev=1306659b587dc277866c7b69eb97e5f07864d8c4",
      "name": "cloud-provider-kind-0.6.0",
      "pname": "cloud-provider-kind",
      "rev": "1306659b587dc277866c7b69eb97e5f07864d8c4",
      "rev_count": 912002,
      "rev_date": "2025-12-15T06:20:37Z",
      "scrape_date": "2025-12-16T03:01:31.832746Z",
      "stabilities": [
        "staging",
        "unstable"
      ],
      "unfree": false,
      "version": "0.6.0",
      "outputs_to_install": [
        "out"
      ],
      "outputs": {
        "out": "/nix/store/ifzwmmmn0hgspjvdpkhf4b30il33fahc-cloud-provider-kind-0.6.0"
      },
      "system": "aarch64-darwin",
      "group": "toplevel",
      "priority": 5
    },
    {
      "attr_path": "cloud-provider-kind",
      "broken": false,
      "derivation": "/nix/store/b58gnx99lsbj70w0aal27jy7zlfcjirj-cloud-provider-kind-0.6.0.drv",
      "description": "Load Balancer implementation for Kubernetes-in-Docker",
      "install_id": "cloud-provider-kind",
      "license": "Apache-2.0",
      "locked_url": "https://github.com/flox/nixpkgs?rev=1306659b587dc277866c7b69eb97e5f07864d8c4",
      "name": "cloud-provider-kind-0.6.0",
      "pname": "cloud-provider-kind",
      "rev": "1306659b587dc277866c7b69eb97e5f07864d8c4",
      "rev_count": 912002,
      "rev_date": "2025-12-15T06:20:37Z",
      "scrape_date": "2025-12-16T03:17:35.053803Z",
      "stabilities": [
        "staging",
        "unstable"
      ],
      "unfree": false,
      "version": "0.6.0",
      "outputs_to_install": [
        "out"
      ],
      "outputs": {
        "out": "/nix/store/rbzjnqd0x2mdrq6r5jq1mybzr44imc92-cloud-provider-kind-0.6.0"
      },
      "system": "aarch64-linux",
      "group": "toplevel",
      "priority": 5
    },
    {
      "attr_path": "cloud-provider-kind",
      "broken": false,
      "derivation": "/nix/store/m97rhmmd98rgn3rca4q630iza36nshms-cloud-provider-kind-0.6.0.drv",
      "description": "Load Balancer implementation for Kubernetes-in-Docker",
      "install_id": "cloud-provider-kind",
      "license": "Apache-2.0",
      "locked_url": "https://github.com/flox/nixpkgs?rev=1306659b587dc277866c7b69eb97e5f07864d8c4",
      "name": "cloud-provider-kind-0.6.0",
      "pname": "cloud-provider-kind",
      "rev": "1306659b587dc277866c7b69eb97e5f07864d8c4",
      "rev_count": 912002,
      "rev_date": "2025-12-15T06:20:37Z",
      "scrape_date": "2025-12-16T03:33:48.655021Z",
      "stabilities": [
        "staging",
        "unstable"
      ],
      "unfree": false,
      "version": "0.6.0",
      "outputs_to_install": [
        "out"
      ],
      "outputs": {
        "out": "/nix/store/kzr2i973xz2znwmv8igmzq037zq7hrdb-cloud-provider-kind-0.6.0"
      },
      "system": "x86_64-darwin",
      "group": "toplevel",
      "priority": 5
    },
    {
      "attr_path": "cloud-provider-kind",
      "broken": false,
      "derivation": "/nix/store/xvcb1q73cpxw16g1wgfkklas7mjxfmcc-cloud-provider-kind-0.6.0.drv",
      "description": "Load Balancer implementation for Kubernetes-in-Docker",
      "install_id": "cloud-provider-kind",
      "license": "Apache-2.0",
      "locked_url": "https://github.com/flox/nixpkgs?rev=1306659b587dc277866c7b69eb97e5f07864d8c4",
      "name": "cloud-provider-kind-0.6.0",
      "pname": "cloud-provider-kind",
      "rev": "1306659b587dc277866c7b69eb97e5f07864d8c4",
      "rev_count": 912002,
      "rev_date": "2025-12-15T06:20:37Z",
      "scrape_date": "2025-12-16T03:49:54.504748Z",
      "stabilities": [
        "staging",
        "unstable"
      ],
      "unfree": false,
      "version": "0.6.0",
      "outputs_to_install": [
        "out"
      ],
      "outputs": {
        "out": "/nix/store/7p754lz00f9xday37s4hnjn99x6zs21x-cloud-provider-kind-0.6.0"
      },
      "system": "x86_64-linux",
      "group": "toplevel",
      "priority": 5
    },
    {
      "attr_path": "docker",
      "broken": false,
      "derivation": "/nix/store/b4jwwcq6mvhv8dmin9yblivwdj1w9fql-docker-29.1.2.drv",
      "description": "Open source project to pack, ship and run any application as a lightweight container",
      "install_id": "docker",
      "license": "Apache-2.0",
      "locked_url": "https://github.com/flox/nixpkgs?rev=1306659b587dc277866c7b69eb97e5f07864d8c4",
      "name": "docker-29.1.2",
      "pname": "docker",
      "rev": "1306659b587dc277866c7b69eb97e5f07864d8c4",
      "rev_count": 912002,
      "rev_date": "2025-12-15T06:20:37Z",
      "scrape_date": "2025-12-16T03:01:32.081758Z",
      "stabilities": [
        "staging",
        "unstable"
      ],
      "unfree": false,
      "version": "29.1.2",
      "outputs_to_install": [
        "out"
      ],
      "outputs": {
        "out": "/nix/store/38qw6ldsflj4jzvvfm2q7f4i7x1m79n7-docker-29.1.2"
      },
      "system": "aarch64-darwin",
      "group": "toplevel",
      "priority": 5
    },
    {
      "attr_path": "docker",
      "broken": false,
      "derivation": "/nix/store/4cd97nnx3msgr2sd7nwfcvn4x9bh6j9i-docker-29.1.2.drv",
      "description": "Open source project to pack, ship and run any application as a lightweight container",
      "install_id": "docker",
      "license": "Apache-2.0",
      "locked_url": "https://github.com/flox/nixpkgs?rev=1306659b587dc277866c7b69eb97e5f07864d8c4",
      "name": "docker-29.1.2",
      "pname": "docker",
      "rev": "1306659b587dc277866c7b69eb97e5f07864d8c4",
      "rev_count": 912002,
      "rev_date": "2025-12-15T06:20:37Z",
      "scrape_date": "2025-12-16T03:17:35.435933Z",
      "stabilities": [
        "staging",
        "unstable"
      ],
      "unfree": false,
      "version": "29.1.2",
      "outputs_to_install": [
        "out"
      ],
      "outputs": {
        "out": "/nix/store/qxgaqaqhnfb7772dgkmcp4xs75a78f0s-docker-29.1.2"
      },
      "system": "aarch64-linux",
      "group": "toplevel",
      "priority": 5
    },
    {
      "attr_path": "docker",
      "broken": false,
      "derivation": "/nix/store/cv7grj8sa9wmvg2br6nhnyahc997m9j7-docker-29.1.2.drv",
      "description": "Open source project to pack, ship and run any application as a lightweight container",
      "install_id": "docker",
      "license": "Apache-2.0",
      "locked_url": "https://github.com/flox/nixpkgs?rev=1306659b587dc277866c7b69eb97e5f07864d8c4",
      "name": "docker-29.1.2",
      "pname": "docker",
      "rev": "1306659b587dc277866c7b69eb97e5f07864d8c4",
      "rev_count": 912002,
      "rev_date": "2025-12-15T06:20:37Z",
      "scrape_date": "2025-12-16T03:33:48.906781Z",
      "stabilities": [
        "staging",
        "unstable"
      ],
      "unfree": false,
      "version": "29.1.2",
      "outputs_to_install": [
        "out"
      ],
      "outputs": {
        "out": "/nix/store/1ybyvg7fkr64brb6hh33wchw1bwghi93-docker-29.1.2"
      },
      "system": "x86_64-darwin",
      "group": "toplevel",
      "priority": 5
    },
    {
      "attr_path": "docker",
      "broken": false,
      "derivation": "/nix/store/albwhdghjvx2jf18jnrvp2yj10gsbn1c-docker-29.1.2.drv",
      "description": "Open source project to pack, ship and run any application as a lightweight container",
      "install_id": "docker",
      "license": "Apache-2.0",
      "locked_url": "https://github.com/flox/nixpkgs?rev=1306659b587dc277866c7b69eb97e5f07864d8c4",
      "name": "docker-29.1.2",
      "pname": "docker",
      "rev": "1306659b587dc277866c7b69eb97e5f07864d8c4",
      "rev_count": 912002,
      "rev_date": "2025-12-15T06:20:37Z",
      "scrape_date": "2025-12-16T03:49:54.916902Z",
      "stabilities": [
        "staging",
        "unstable"
      ],
      "unfree": false,
      "version": "29.1.2",
      "outputs_to_install": [
        "out"
      ],
      "outputs": {
        "out": "/nix/store/lmapifc86ql4xysybykc37b4wg02f9i5-docker-29.1.2"
      },
      "system": "x86_64-linux",
      "group": "toplevel",
      "priority": 5
    },
    {
      "attr_path": "go",
      "broken": false,
      "derivation": "/nix/store/lky1kxiafysv7lxc018fnlg1l9v2d0a5-go-1.25.4.drv",
      "description": "Go Programming language",
      "install_id": "go",
      "license": "BSD-3-Clause",
      "locked_url": "https://github.com/flox/nixpkgs?rev=1306659b587dc277866c7b69eb97e5f07864d8c4",
      "name": "go-1.25.4",
      "pname": "go",
      "rev": "1306659b587dc277866c7b69eb97e5f07864d8c4",
      "rev_count": 912002,
      "rev_date": "2025-12-15T06:20:37Z",
      "scrape_date": "2025-12-16T03:01:32.698747Z",
      "stabilities": [
        "staging",
        "unstable"
      ],
      "unfree": false,
      "version": "1.25.4",
      "outputs_to_install": [
        "out"
      ],
      "outputs": {
        "out": "/nix/store/52f5kjcmgmvgrz3rij676b3rjmgg5l5g-go-1.25.4"
      },
      "system": "aarch64-darwin",
      "group": "toplevel",
      "priority": 5
    },
    {
      "attr_path": "go",
      "broken": false,
      "derivation": "/nix/store/gsmlr0f5pm75mfcpz027kf7ar4hsjnzd-go-1.25.4.drv",
      "description": "Go Programming language",
      "install_id": "go",
      "license": "BSD-3-Clause",
      "locked_url": "https://github.com/flox/nixpkgs?rev=1306659b587dc277866c7b69eb97e5f07864d8c4",
      "name": "go-1.25.4",
      "pname": "go",
      "rev": "1306659b587dc277866c7b69eb97e5f07864d8c4",
      "rev_count": 912002,
      "rev_date": "2025-12-15T06:20:37Z",
      "scrape_date": "2025-12-16T03:17:36.823084Z",
      "stabilities": [
        "staging",
        "unstable"
      ],
      "unfree": false,
      "version": "1.25.4",
      "outputs_to_install": [
        "out"
      ],
      "outputs": {
        "out": "/nix/store/2ajrlmz1qdpm9k9ankhnp3973wxg1gqs-go-1.25.4"
      },
      "system": "aarch64-linux",
      "group": "toplevel",
      "priority": 5
    },
    {
      "attr_path": "go",
      "broken": false,
      "derivation": "/nix/store/94nn7m542piks3y9bx0s7541z436z2l7-go-1.25.4.drv",
      "description": "Go Programming language",
      "install_id": "go",
      "license": "BSD-3-Clause",
      "locked_url": "https://github.com/flox/nixpkgs?rev=1306659b587dc277866c7b69eb97e5f07864d8c4",
      "name": "go-1.25.4",
      "pname": "go",
      "rev": "1306659b587dc277866c7b69eb97e5f07864d8c4",
      "rev_count": 912002,
      "rev_date": "2025-12-15T06:20:37Z",
      "scrape_date": "2025-12-16T03:33:49.555805Z",
      "stabilities": [
        "staging",
        "unstable"
      ],
      "unfree": false,
      "version": "1.25.4",
      "outputs_to_install": [
        "out"
      ],
      "outputs": {
        "out": "/nix/store/1rqpvp45rl4sr1l0czrlbmv8jqj9sa7r-go-1.25.4"
      },
      "system": "x86_64-darwin",
      "group": "toplevel",
      "priority": 5
    },
    {
      "attr_path": "go",
      "broken": false,
      "derivation": "/nix/store/5z0wfy73lj96ivfs9m6ws9b9c3ck7as4-go-1.25.4.drv",
      "description": "Go Programming language",
      "install_id": "go",
      "license": "BSD-3-Clause",
      "locked_url": "https://github.com/flox/nixpkgs?rev=1306659b587dc277866c7b69eb97e5f07864d8c4",
      "name": "go-1.25.4",
      "pname": "go",
      "rev": "1306659b587dc277866c7b69eb97e5f07864d8c4",
      "rev_count": 912002,
      "rev_date": "2025-12-15T06:20:37Z",
      "scrape_date": "2025-12-16T03:49:56.403718Z",
      "stabilities": [
        "staging",
        "unstable"
      ],
      "unfree": false,
      "version": "1.25.4",
      "outputs_to_install": [
        "out"
      ],
      "outputs": {
        "out": "/nix/store/0a3dyfq09dnkw28ap2i450wjimvdmv6s-go-1.25.4"
      },
      "system": "x86_64-linux",
      "group": "toplevel",
      "priority": 5
    },
    {
      "attr_path": "gum",
      "broken": false,
      "derivation": "/nix/store/a4w2c95imdkwljvkrhc1dgjvsfaiggdc-gum-0.17.0.drv",
      "description": "Tasty Bubble Gum for your shell",
      "install_id": "gum",
      "license": "MIT",
      "locked_url": "https://github.com/flox/nixpkgs?rev=1306659b587dc277866c7b69eb97e5f07864d8c4",
      "name": "gum-0.17.0",
      "pname": "gum",
      "rev": "1306659b587dc277866c7b69eb97e5f07864d8c4",
      "rev_count": 912002,
      "rev_date": "2025-12-15T06:20:37Z",
      "scrape_date": "2025-12-16T03:01:32.895632Z",
      "stabilities": [
        "staging",
        "unstable"
      ],
      "unfree": false,
      "version": "0.17.0",
      "outputs_to_install": [
        "out"
      ],
      "outputs": {
        "out": "/nix/store/rpj06p0p66g1644iph4hz5bc2pb881mc-gum-0.17.0"
      },
      "system": "aarch64-darwin",
      "group": "toplevel",
      "priority": 5
    },
    {
      "attr_path": "gum",
      "broken": false,
      "derivation": "/nix/store/wmb46g8whz6vf19m5jay2pkd78d4jdxc-gum-0.17.0.drv",
      "description": "Tasty Bubble Gum for your shell",
      "install_id": "gum",
      "license": "MIT",
      "locked_url": "https://github.com/flox/nixpkgs?rev=1306659b587dc277866c7b69eb97e5f07864d8c4",
      "name": "gum-0.17.0",
      "pname": "gum",
      "rev": "1306659b587dc277866c7b69eb97e5f07864d8c4",
      "rev_count": 912002,
      "rev_date": "2025-12-15T06:20:37Z",
      "scrape_date": "2025-12-16T03:17:37.157089Z",
      "stabilities": [
        "staging",
        "unstable"
      ],
      "unfree": false,
      "version": "0.17.0",
      "outputs_to_install": [
        "out"
      ],
      "outputs": {
        "out": "/nix/store/r349n4jjvw190ayfcqb6s17hmjbslmk6-gum-0.17.0"
      },
      "system": "aarch64-linux",
      "group": "toplevel",
      "priority": 5
    },
    {
      "attr_path": "gum",
      "broken": false,
      "derivation": "/nix/store/fxi6mgdcnv3s1ks9nan8gpi05kw6q8sf-gum-0.17.0.drv",
      "description": "Tasty Bubble Gum for your shell",
      "install_id": "gum",
      "license": "MIT",
      "locked_url": "https://github.com/flox/nixpkgs?rev=1306659b587dc277866c7b69eb97e5f07864d8c4",
      "name": "gum-0.17.0",
      "pname": "gum",
      "rev": "1306659b587dc277866c7b69eb97e5f07864d8c4",
      "rev_count": 912002,
      "rev_date": "2025-12-15T06:20:37Z",
      "scrape_date": "2025-12-16T03:33:49.756624Z",
      "stabilities": [
        "staging",
        "unstable"
      ],
      "unfree": false,
      "version": "0.17.0",
      "outputs_to_install": [
        "out"
      ],
      "outputs": {
        "out": "/nix/store/f598g2fggah67vk41srma5ii2h651d1s-gum-0.17.0"
      },
      "system": "x86_64-darwin",
      "group": "toplevel",
      "priority": 5
    },
    {
      "attr_path": "gum",
      "broken": false,
      "derivation": "/nix/store/jwdfr57v8h4k7zc05lr9r7k29rhzbg01-gum-0.17.0.drv",
      "description": "Tasty Bubble Gum for your shell",
      "install_id": "gum",
      "license": "MIT",
      "locked_url": "https://github.com/flox/nixpkgs?rev=1306659b587dc277866c7b69eb97e5f07864d8c4",
      "name": "gum-0.17.0",
      "pname": "gum",
      "rev": "1306659b587dc277866c7b69eb97e5f07864d8c4",
      "rev_count": 912002,
      "rev_date": "2025-12-15T06:20:37Z",
      "scrape_date": "2025-12-16T03:49:56.770968Z",
      "stabilities": [
        "staging",
        "unstable"
      ],
      "unfree": false,
      "version": "0.17.0",
      "outputs_to_install": [
        "out"
      ],
      "outputs": {
        "out": "/nix/store/j92y0a4ymgnaj3h011mi174vczbw1iak-gum-0.17.0"
      },
      "system": "x86_64-linux",
      "group": "toplevel",
      "priority": 5
    },
    {
      "attr_path": "k9s",
      "broken": false,
      "derivation": "/nix/store/asf1k95m3jz1q87c46j86gr1c0c2s3rc-k9s-0.50.16.drv",
      "description": "Kubernetes CLI To Manage Your Clusters In Style",
      "install_id": "k9s",
      "license": "Apache-2.0",
      "locked_url": "https://github.com/flox/nixpkgs?rev=1306659b587dc277866c7b69eb97e5f07864d8c4",
      "name": "k9s-0.50.16",
      "pname": "k9s",
      "rev": "1306659b587dc277866c7b69eb97e5f07864d8c4",
      "rev_count": 912002,
      "rev_date": "2025-12-15T06:20:37Z",
      "scrape_date": "2025-12-16T03:01:46.762776Z",
      "stabilities": [
        "staging",
        "unstable"
      ],
      "unfree": false,
      "version": "0.50.16",
      "outputs_to_install": [
        "out"
      ],
      "outputs": {
        "out": "/nix/store/7w9y9pw23xy1g6lahacdqalkflf2b713-k9s-0.50.16"
      },
      "system": "aarch64-darwin",
      "group": "toplevel",
      "priority": 5
    },
    {
      "attr_path": "k9s",
      "broken": false,
      "derivation": "/nix/store/f9zkz62m3g8qx10dq4hl6zd2kgmslhvl-k9s-0.50.16.drv",
      "description": "Kubernetes CLI To Manage Your Clusters In Style",
      "install_id": "k9s",
      "license": "Apache-2.0",
      "locked_url": "https://github.com/flox/nixpkgs?rev=1306659b587dc277866c7b69eb97e5f07864d8c4",
      "name": "k9s-0.50.16",
      "pname": "k9s",
      "rev": "1306659b587dc277866c7b69eb97e5f07864d8c4",
      "rev_count": 912002,
      "rev_date": "2025-12-15T06:20:37Z",
      "scrape_date": "2025-12-16T03:17:55.801942Z",
      "stabilities": [
        "staging",
        "unstable"
      ],
      "unfree": false,
      "version": "0.50.16",
      "outputs_to_install": [
        "out"
      ],
      "outputs": {
        "out": "/nix/store/lp85svzq5n4xl3v18jmi0sga1glkbx47-k9s-0.50.16"
      },
      "system": "aarch64-linux",
      "group": "toplevel",
      "priority": 5
    },
    {
      "attr_path": "k9s",
      "broken": false,
      "derivation": "/nix/store/d7fibhhx0ik9mnyh1g1v5d8hxlv8hap3-k9s-0.50.16.drv",
      "description": "Kubernetes CLI To Manage Your Clusters In Style",
      "install_id": "k9s",
      "license": "Apache-2.0",
      "locked_url": "https://github.com/flox/nixpkgs?rev=1306659b587dc277866c7b69eb97e5f07864d8c4",
      "name": "k9s-0.50.16",
      "pname": "k9s",
      "rev": "1306659b587dc277866c7b69eb97e5f07864d8c4",
      "rev_count": 912002,
      "rev_date": "2025-12-15T06:20:37Z",
      "scrape_date": "2025-12-16T03:34:03.845350Z",
      "stabilities": [
        "staging",
        "unstable"
      ],
      "unfree": false,
      "version": "0.50.16",
      "outputs_to_install": [
        "out"
      ],
      "outputs": {
        "out": "/nix/store/bjzs9wn700s1mkh9qmydvvr4n21xav5r-k9s-0.50.16"
      },
      "system": "x86_64-darwin",
      "group": "toplevel",
      "priority": 5
    },
    {
      "attr_path": "k9s",
      "broken": false,
      "derivation": "/nix/store/nx0b5jzyl2h91pg99310n91slzpjsylz-k9s-0.50.16.drv",
      "description": "Kubernetes CLI To Manage Your Clusters In Style",
      "install_id": "k9s",
      "license": "Apache-2.0",
      "locked_url": "https://github.com/flox/nixpkgs?rev=1306659b587dc277866c7b69eb97e5f07864d8c4",
      "name": "k9s-0.50.16",
      "pname": "k9s",
      "rev": "1306659b587dc277866c7b69eb97e5f07864d8c4",
      "rev_count": 912002,
      "rev_date": "2025-12-15T06:20:37Z",
      "scrape_date": "2025-12-16T03:50:18.182759Z",
      "stabilities": [
        "staging",
        "unstable"
      ],
      "unfree": false,
      "version": "0.50.16",
      "outputs_to_install": [
        "out"
      ],
      "outputs": {
        "out": "/nix/store/b31w4n54rbhgzzh21xyrkag0i8ipqz2h-k9s-0.50.16"
      },
      "system": "x86_64-linux",
      "group": "toplevel",
      "priority": 5
    },
    {
      "attr_path": "kind",
      "broken": false,
      "derivation": "/nix/store/grc9m1z51fhrniicgcf5h0dz1nfwx0jd-kind-0.30.0.drv",
      "description": "Kubernetes IN Docker - local clusters for testing Kubernetes",
      "install_id": "kind",
      "license": "Apache-2.0",
      "locked_url": "https://github.com/flox/nixpkgs?rev=1306659b587dc277866c7b69eb97e5f07864d8c4",
      "name": "kind-0.30.0",
      "pname": "kind",
      "rev": "1306659b587dc277866c7b69eb97e5f07864d8c4",
      "rev_count": 912002,
      "rev_date": "2025-12-15T06:20:37Z",
      "scrape_date": "2025-12-16T03:01:47.060058Z",
      "stabilities": [
        "staging",
        "unstable"
      ],
      "unfree": false,
      "version": "0.30.0",
      "outputs_to_install": [
        "out"
      ],
      "outputs": {
        "out": "/nix/store/jblfpm03jma7rvpp8fzfj2kz7mcf1jd5-kind-0.30.0"
      },
      "system": "aarch64-darwin",
      "group": "toplevel",
      "priority": 5
    },
    {
      "attr_path": "kind",
      "broken": false,
      "derivation": "/nix/store/km0ppijzcl82n1g9b1wxs82i5k3cclvm-kind-0.30.0.drv",
      "description": "Kubernetes IN Docker - local clusters for testing Kubernetes",
      "install_id": "kind",
      "license": "Apache-2.0",
      "locked_url": "https://github.com/flox/nixpkgs?rev=1306659b587dc277866c7b69eb97e5f07864d8c4",
      "name": "kind-0.30.0",
      "pname": "kind",
      "rev": "1306659b587dc277866c7b69eb97e5f07864d8c4",
      "rev_count": 912002,
      "rev_date": "2025-12-15T06:20:37Z",
      "scrape_date": "2025-12-16T03:17:56.872551Z",
      "stabilities": [
        "staging",
        "unstable"
      ],
      "unfree": false,
      "version": "0.30.0",
      "outputs_to_install": [
        "out"
      ],
      "outputs": {
        "out": "/nix/store/n3m0677g45dr7fqsvmi8hbl8b3rqqhbm-kind-0.30.0"
      },
      "system": "aarch64-linux",
      "group": "toplevel",
      "priority": 5
    },
    {
      "attr_path": "kind",
      "broken": false,
      "derivation": "/nix/store/jq87qw2adhlnsr9k0d1hgdi6kh3bvk3c-kind-0.30.0.drv",
      "description": "Kubernetes IN Docker - local clusters for testing Kubernetes",
      "install_id": "kind",
      "license": "Apache-2.0",
      "locked_url": "https://github.com/flox/nixpkgs?rev=1306659b587dc277866c7b69eb97e5f07864d8c4",
      "name": "kind-0.30.0",
      "pname": "kind",
      "rev": "1306659b587dc277866c7b69eb97e5f07864d8c4",
      "rev_count": 912002,
      "rev_date": "2025-12-15T06:20:37Z",
      "scrape_date": "2025-12-16T03:34:04.147117Z",
      "stabilities": [
        "staging",
        "unstable"
      ],
      "unfree": false,
      "version": "0.30.0",
      "outputs_to_install": [
        "out"
      ],
      "outputs": {
        "out": "/nix/store/41irix8nxj2m46lbj896ndsy2hgi40m4-kind-0.30.0"
      },
      "system": "x86_64-darwin",
      "group": "toplevel",
      "priority": 5
    },
    {
      "attr_path": "kind",
      "broken": false,
      "derivation": "/nix/store/2sba4h6lxjs5bxm4g03lzv5qkfd3xf0r-kind-0.30.0.drv",
      "description": "Kubernetes IN Docker - local clusters for testing Kubernetes",
      "install_id": "kind",
      "license": "Apache-2.0",
      "locked_url": "https://github.com/flox/nixpkgs?rev=1306659b587dc277866c7b69eb97e5f07864d8c4",
      "name": "kind-0.30.0",
      "pname": "kind",
      "rev": "1306659b587dc277866c7b69eb97e5f07864d8c4",
      "rev_count": 912002,
      "rev_date": "2025-12-15T06:20:37Z",
      "scrape_date": "2025-12-16T03:50:19.299942Z",
      "stabilities": [
        "staging",
        "unstable"
      ],
      "unfree": false,
      "version": "0.30.0",
      "outputs_to_install": [
        "out"
      ],
      "outputs": {
        "out": "/nix/store/ahhxkqw37kfs0yjqn6srxfq4vyxnkbq6-kind-0.30.0"
      },
      "system": "x86_64-linux",
      "group": "toplevel",
      "priority": 5
    },
    {
      "attr_path": "kubebuilder",
      "broken": false,
      "derivation": "/nix/store/s32rjwm52lf4pa5za0ifrpkkakibclwh-kubebuilder-4.10.1.drv",
      "description": "SDK for building Kubernetes APIs using CRDs",
      "install_id": "kubebuilder",
      "license": "Apache-2.0",
      "locked_url": "https://github.com/flox/nixpkgs?rev=1306659b587dc277866c7b69eb97e5f07864d8c4",
      "name": "kubebuilder-4.10.1",
      "pname": "kubebuilder",
      "rev": "1306659b587dc277866c7b69eb97e5f07864d8c4",
      "rev_count": 912002,
      "rev_date": "2025-12-15T06:20:37Z",
      "scrape_date": "2025-12-16T03:01:47.273078Z",
      "stabilities": [
        "staging",
        "unstable"
      ],
      "unfree": false,
      "version": "4.10.1",
      "outputs_to_install": [
        "out"
      ],
      "outputs": {
        "out": "/nix/store/rgadmcnza1xc9rbzv3rlnj1vx2v85qn2-kubebuilder-4.10.1"
      },
      "system": "aarch64-darwin",
      "group": "toplevel",
      "priority": 5
    },
    {
      "attr_path": "kubebuilder",
      "broken": false,
      "derivation": "/nix/store/v7zl1gcx4mg3pzd5pv7r4xhiizvq6b99-kubebuilder-4.10.1.drv",
      "description": "SDK for building Kubernetes APIs using CRDs",
      "install_id": "kubebuilder",
      "license": "Apache-2.0",
      "locked_url": "https://github.com/flox/nixpkgs?rev=1306659b587dc277866c7b69eb97e5f07864d8c4",
      "name": "kubebuilder-4.10.1",
      "pname": "kubebuilder",
      "rev": "1306659b587dc277866c7b69eb97e5f07864d8c4",
      "rev_count": 912002,
      "rev_date": "2025-12-15T06:20:37Z",
      "scrape_date": "2025-12-16T03:17:57.287855Z",
      "stabilities": [
        "staging",
        "unstable"
      ],
      "unfree": false,
      "version": "4.10.1",
      "outputs_to_install": [
        "out"
      ],
      "outputs": {
        "out": "/nix/store/x2p3n2ag5bawgkkda69f80qmf8vq6dc6-kubebuilder-4.10.1"
      },
      "system": "aarch64-linux",
      "group": "toplevel",
      "priority": 5
    },
    {
      "attr_path": "kubebuilder",
      "broken": false,
      "derivation": "/nix/store/v149fdh0wvqzmq37p04crspy8nj8jczc-kubebuilder-4.10.1.drv",
      "description": "SDK for building Kubernetes APIs using CRDs",
      "install_id": "kubebuilder",
      "license": "Apache-2.0",
      "locked_url": "https://github.com/flox/nixpkgs?rev=1306659b587dc277866c7b69eb97e5f07864d8c4",
      "name": "kubebuilder-4.10.1",
      "pname": "kubebuilder",
      "rev": "1306659b587dc277866c7b69eb97e5f07864d8c4",
      "rev_count": 912002,
      "rev_date": "2025-12-15T06:20:37Z",
      "scrape_date": "2025-12-16T03:34:04.360774Z",
      "stabilities": [
        "staging",
        "unstable"
      ],
      "unfree": false,
      "version": "4.10.1",
      "outputs_to_install": [
        "out"
      ],
      "outputs": {
        "out": "/nix/store/xysqjb8fbwdqs927pvn2hvc93lxafmbh-kubebuilder-4.10.1"
      },
      "system": "x86_64-darwin",
      "group": "toplevel",
      "priority": 5
    },
    {
      "attr_path": "kubebuilder",
      "broken": false,
      "derivation": "/nix/store/4hh2inack2897rh3h3q7lsjs9x79zk0p-kubebuilder-4.10.1.drv",
      "description": "SDK for building Kubernetes APIs using CRDs",
      "install_id": "kubebuilder",
      "license": "Apache-2.0",
      "locked_url": "https://github.com/flox/nixpkgs?rev=1306659b587dc277866c7b69eb97e5f07864d8c4",
      "name": "kubebuilder-4.10.1",
      "pname": "kubebuilder",
      "rev": "1306659b587dc277866c7b69eb97e5f07864d8c4",
      "rev_count": 912002,
      "rev_date": "2025-12-15T06:20:37Z",
      "scrape_date": "2025-12-16T03:50:19.735830Z",
      "stabilities": [
        "staging",
        "unstable"
      ],
      "unfree": false,
      "version": "4.10.1",
      "outputs_to_install": [
        "out"
      ],
      "outputs": {
        "out": "/nix/store/wmknz9n45rpwx10xqcw9dswalr55avdg-kubebuilder-4.10.1"
      },
      "system": "x86_64-linux",
      "group": "toplevel",
      "priority": 5
    },
    {
      "attr_path": "kubectl",
      "broken": false,
      "derivation": "/nix/store/jhiia1l7y26dbla9gxnm9b4snislrlbn-kubectl-1.34.2.drv",
      "description": "Kubernetes CLI",
      "install_id": "kubectl",
      "license": "Apache-2.0",
      "locked_url": "https://github.com/flox/nixpkgs?rev=1306659b587dc277866c7b69eb97e5f07864d8c4",
      "name": "kubectl-1.34.2",
      "pname": "kubectl",
      "rev": "1306659b587dc277866c7b69eb97e5f07864d8c4",
      "rev_count": 912002,
      "rev_date": "2025-12-15T06:20:37Z",
      "scrape_date": "2025-12-16T03:01:47.279584Z",
      "stabilities": [
        "staging",
        "unstable"
      ],
      "unfree": false,
      "version": "1.34.2",
      "outputs_to_install": [
        "man",
        "out"
      ],
      "outputs": {
        "convert": "/nix/store/j02lgplwvs8fmpdkb1cgmf3997hx0ark-kubectl-1.34.2-convert",
        "man": "/nix/store/yq0lp1mnyf2sj79cdq0fyc0vyb6jdl13-kubectl-1.34.2-man",
        "out": "/nix/store/lnyk97mlh2172dpa3vfx8inrs14vcjww-kubectl-1.34.2"
      },
      "system": "aarch64-darwin",
      "group": "toplevel",
      "priority": 5
    },
    {
      "attr_path": "kubectl",
      "broken": false,
      "derivation": "/nix/store/ci6gapsh0y5z2jm3ij1qsahsmcw234v1-kubectl-1.34.2.drv",
      "description": "Kubernetes CLI",
      "install_id": "kubectl",
      "license": "Apache-2.0",
      "locked_url": "https://github.com/flox/nixpkgs?rev=1306659b587dc277866c7b69eb97e5f07864d8c4",
      "name": "kubectl-1.34.2",
      "pname": "kubectl",
      "rev": "1306659b587dc277866c7b69eb97e5f07864d8c4",
      "rev_count": 912002,
      "rev_date": "2025-12-15T06:20:37Z",
      "scrape_date": "2025-12-16T03:17:57.296054Z",
      "stabilities": [
        "staging",
        "unstable"
      ],
      "unfree": false,
      "version": "1.34.2",
      "outputs_to_install": [
        "man",
        "out"
      ],
      "outputs": {
        "convert": "/nix/store/0phxpfyd0ibr1m09q36mvh95w2ln1z0w-kubectl-1.34.2-convert",
        "man": "/nix/store/2af7cfbgya65h14ig1zb0l4wspcdiq7m-kubectl-1.34.2-man",
        "out": "/nix/store/a5xly6hcnr8w7kdfqxxgmwgq675la20r-kubectl-1.34.2"
      },
      "system": "aarch64-linux",
      "group": "toplevel",
      "priority": 5
    },
    {
      "attr_path": "kubectl",
      "broken": false,
      "derivation": "/nix/store/1q9nk7gifwkbcv2wz3mnc2pfxvpa105z-kubectl-1.34.2.drv",
      "description": "Kubernetes CLI",
      "install_id": "kubectl",
      "license": "Apache-2.0",
      "locked_url": "https://github.com/flox/nixpkgs?rev=1306659b587dc277866c7b69eb97e5f07864d8c4",
      "name": "kubectl-1.34.2",
      "pname": "kubectl",
      "rev": "1306659b587dc277866c7b69eb97e5f07864d8c4",
      "rev_count": 912002,
      "rev_date": "2025-12-15T06:20:37Z",
      "scrape_date": "2025-12-16T03:34:04.367303Z",
      "stabilities": [
        "staging",
        "unstable"
      ],
      "unfree": false,
      "version": "1.34.2",
      "outputs_to_install": [
        "man",
        "out"
      ],
      "outputs": {
        "convert": "/nix/store/1scrgj573xzmywanx90230y9ls5v2w3a-kubectl-1.34.2-convert",
        "man": "/nix/store/jg5a8rlabq37l3b5kibsf9z6qz0v4x9m-kubectl-1.34.2-man",
        "out": "/nix/store/bx50n1rxkv4098wd1krvh7cklz7rn8y6-kubectl-1.34.2"
      },
      "system": "x86_64-darwin",
      "group": "toplevel",
      "priority": 5
    },
    {
      "attr_path": "kubectl",
      "broken": false,
      "derivation": "/nix/store/760kh2ipfsbpcys2d3pzk2d1x74x52l2-kubectl-1.34.2.drv",
      "description": "Kubernetes CLI",
      "install_id": "kubectl",
      "license": "Apache-2.0",
      "locked_url": "https://github.com/flox/nixpkgs?rev=1306659b587dc277866c7b69eb97e5f07864d8c4",
      "name": "kubectl-1.34.2",
      "pname": "kubectl",
      "rev": "1306659b587dc277866c7b69eb97e5f07864d8c4",
      "rev_count": 912002,
      "rev_date": "2025-12-15T06:20:37Z",
      "scrape_date": "2025-12-16T03:50:19.744172Z",
      "stabilities": [
        "staging",
        "unstable"
      ],
      "unfree": false,
      "version": "1.34.2",
      "outputs_to_install": [
        "man",
        "out"
      ],
      "outputs": {
        "convert": "/nix/store/grracn6nj7cqbjdk33fii2xlvsk6zxs5-kubectl-1.34.2-convert",
        "man": "/nix/store/vdbvkvx7xxhgz417r33gw35qwh57flix-kubectl-1.34.2-man",
        "out": "/nix/store/vcy97mavll1fwawj02qr7lkkl0kl2q6y-kubectl-1.34.2"
      },
      "system": "x86_64-linux",
      "group": "toplevel",
      "priority": 5
    },
    {
      "attr_path": "kubectx",
      "broken": false,
      "derivation": "/nix/store/wwz12ajvfbnbwi0m85kdjnszl3vbdwnz-kubectx-0.9.5.drv",
      "description": "Fast way to switch between clusters and namespaces in kubectl",
      "install_id": "kubectx",
      "license": "Apache-2.0",
      "locked_url": "https://github.com/flox/nixpkgs?rev=1306659b587dc277866c7b69eb97e5f07864d8c4",
      "name": "kubectx-0.9.5",
      "pname": "kubectx",
      "rev": "1306659b587dc277866c7b69eb97e5f07864d8c4",
      "rev_count": 912002,
      "rev_date": "2025-12-15T06:20:37Z",
      "scrape_date": "2025-12-16T03:01:47.304655Z",
      "stabilities": [
        "staging",
        "unstable"
      ],
      "unfree": false,
      "version": "0.9.5",
      "outputs_to_install": [
        "out"
      ],
      "outputs": {
        "out": "/nix/store/5pvzpcd2nb99f441nrm82fl4xr38yrcs-kubectx-0.9.5"
      },
      "system": "aarch64-darwin",
      "group": "toplevel",
      "priority": 5
    },
    {
      "attr_path": "kubectx",
      "broken": false,
      "derivation": "/nix/store/d388pa9f9abfb9alp0r4yw926dqws9sf-kubectx-0.9.5.drv",
      "description": "Fast way to switch between clusters and namespaces in kubectl",
      "install_id": "kubectx",
      "license": "Apache-2.0",
      "locked_url": "https://github.com/flox/nixpkgs?rev=1306659b587dc277866c7b69eb97e5f07864d8c4",
      "name": "kubectx-0.9.5",
      "pname": "kubectx",
      "rev": "1306659b587dc277866c7b69eb97e5f07864d8c4",
      "rev_count": 912002,
      "rev_date": "2025-12-15T06:20:37Z",
      "scrape_date": "2025-12-16T03:17:57.326902Z",
      "stabilities": [
        "staging",
        "unstable"
      ],
      "unfree": false,
      "version": "0.9.5",
      "outputs_to_install": [
        "out"
      ],
      "outputs": {
        "out": "/nix/store/9zjr9airiiavl00hv9bdybaihk7lbjc6-kubectx-0.9.5"
      },
      "system": "aarch64-linux",
      "group": "toplevel",
      "priority": 5
    },
    {
      "attr_path": "kubectx",
      "broken": false,
      "derivation": "/nix/store/9h1mmxpr4vwr6ppg2j6l9ra8zsv4gclf-kubectx-0.9.5.drv",
      "description": "Fast way to switch between clusters and namespaces in kubectl",
      "install_id": "kubectx",
      "license": "Apache-2.0",
      "locked_url": "https://github.com/flox/nixpkgs?rev=1306659b587dc277866c7b69eb97e5f07864d8c4",
      "name": "kubectx-0.9.5",
      "pname": "kubectx",
      "rev": "1306659b587dc277866c7b69eb97e5f07864d8c4",
      "rev_count": 912002,
      "rev_date": "2025-12-15T06:20:37Z",
      "scrape_date": "2025-12-16T03:34:04.392806Z",
      "stabilities": [
        "staging",
        "unstable"
      ],
      "unfree": false,
      "version": "0.9.5",
      "outputs_to_install": [
        "out"
      ],
      "outputs": {
        "out": "/nix/store/4c197wkchvzanp6sbv852r8azzj4zbg6-kubectx-0.9.5"
      },
      "system": "x86_64-darwin",
      "group": "toplevel",
      "priority": 5
    },
    {
      "attr_path": "kubectx",
      "broken": false,
      "derivation": "/nix/store/xrz78gmkn1cya6gzc66zc7hkklacilfi-kubectx-0.9.5.drv",
      "description": "Fast way to switch between clusters and namespaces in kubectl",
      "install_id": "kubectx",
      "license": "Apache-2.0",
      "locked_url": "https://github.com/flox/nixpkgs?rev=1306659b587dc277866c7b69eb97e5f07864d8c4",
      "name": "kubectx-0.9.5",
      "pname": "kubectx",
      "rev": "1306659b587dc277866c7b69eb97e5f07864d8c4",
      "rev_count": 912002,
      "rev_date": "2025-12-15T06:20:37Z",
      "scrape_date": "2025-12-16T03:50:19.777282Z",
      "stabilities": [
        "staging",
        "unstable"
      ],
      "unfree": false,
      "version": "0.9.5",
      "outputs_to_install": [
        "out"
      ],
      "outputs": {
        "out": "/nix/store/r0pamkj0dd650x124gqvq5vn7cgh8sjz-kubectx-0.9.5"
      },
      "system": "x86_64-linux",
      "group": "toplevel",
      "priority": 5
    },
    {
      "attr_path": "kubefwd",
      "broken": false,
      "derivation": "/nix/store/vr99dnmmc20v3nyphvi33gkgah26hban-kubefwd-1.22.5.drv",
      "description": "Bulk port forwarding Kubernetes services for local development",
      "install_id": "kubefwd",
      "license": "Apache-2.0",
      "locked_url": "https://github.com/flox/nixpkgs?rev=1306659b587dc277866c7b69eb97e5f07864d8c4",
      "name": "kubefwd-1.22.5",
      "pname": "kubefwd",
      "rev": "1306659b587dc277866c7b69eb97e5f07864d8c4",
      "rev_count": 912002,
      "rev_date": "2025-12-15T06:20:37Z",
      "scrape_date": "2025-12-16T03:01:47.311143Z",
      "stabilities": [
        "staging",
        "unstable"
      ],
      "unfree": false,
      "version": "1.22.5",
      "outputs_to_install": [
        "out"
      ],
      "outputs": {
        "out": "/nix/store/9hmnvf0a35xzkciw1i2zs37b0pgq4ryz-kubefwd-1.22.5"
      },
      "system": "aarch64-darwin",
      "group": "toplevel",
      "priority": 5
    },
    {
      "attr_path": "kubefwd",
      "broken": false,
      "derivation": "/nix/store/q0nlh10kbwkwbcxd1pwpph50dc0gq9ay-kubefwd-1.22.5.drv",
      "description": "Bulk port forwarding Kubernetes services for local development",
      "install_id": "kubefwd",
      "license": "Apache-2.0",
      "locked_url": "https://github.com/flox/nixpkgs?rev=1306659b587dc277866c7b69eb97e5f07864d8c4",
      "name": "kubefwd-1.22.5",
      "pname": "kubefwd",
      "rev": "1306659b587dc277866c7b69eb97e5f07864d8c4",
      "rev_count": 912002,
      "rev_date": "2025-12-15T06:20:37Z",
      "scrape_date": "2025-12-16T03:17:57.335593Z",
      "stabilities": [
        "staging",
        "unstable"
      ],
      "unfree": false,
      "version": "1.22.5",
      "outputs_to_install": [
        "out"
      ],
      "outputs": {
        "out": "/nix/store/1cdl8m3ink1ly3cr33jycck5igipxdz1-kubefwd-1.22.5"
      },
      "system": "aarch64-linux",
      "group": "toplevel",
      "priority": 5
    },
    {
      "attr_path": "kubefwd",
      "broken": false,
      "derivation": "/nix/store/i9qhykw12q9ia1gwkj3nj3hx6h640072-kubefwd-1.22.5.drv",
      "description": "Bulk port forwarding Kubernetes services for local development",
      "install_id": "kubefwd",
      "license": "Apache-2.0",
      "locked_url": "https://github.com/flox/nixpkgs?rev=1306659b587dc277866c7b69eb97e5f07864d8c4",
      "name": "kubefwd-1.22.5",
      "pname": "kubefwd",
      "rev": "1306659b587dc277866c7b69eb97e5f07864d8c4",
      "rev_count": 912002,
      "rev_date": "2025-12-15T06:20:37Z",
      "scrape_date": "2025-12-16T03:34:04.399369Z",
      "stabilities": [
        "staging",
        "unstable"
      ],
      "unfree": false,
      "version": "1.22.5",
      "outputs_to_install": [
        "out"
      ],
      "outputs": {
        "out": "/nix/store/2dmb7favj9544b89askjgdkg9pn34lnb-kubefwd-1.22.5"
      },
      "system": "x86_64-darwin",
      "group": "toplevel",
      "priority": 5
    },
    {
      "attr_path": "kubefwd",
      "broken": false,
      "derivation": "/nix/store/6xnmmzvgzk8fpnmyxgcsvvl9pn198m7p-kubefwd-1.22.5.drv",
      "description": "Bulk port forwarding Kubernetes services for local development",
      "install_id": "kubefwd",
      "license": "Apache-2.0",
      "locked_url": "https://github.com/flox/nixpkgs?rev=1306659b587dc277866c7b69eb97e5f07864d8c4",
      "name": "kubefwd-1.22.5",
      "pname": "kubefwd",
      "rev": "1306659b587dc277866c7b69eb97e5f07864d8c4",
      "rev_count": 912002,
      "rev_date": "2025-12-15T06:20:37Z",
      "scrape_date": "2025-12-16T03:50:19.785428Z",
      "stabilities": [
        "staging",
        "unstable"
      ],
      "unfree": false,
      "version": "1.22.5",
      "outputs_to_install": [
        "out"
      ],
      "outputs": {
        "out": "/nix/store/ndbnr503vwcays7lz2dnng62a1pp20cj-kubefwd-1.22.5"
      },
      "system": "x86_64-linux",
      "group": "toplevel",
      "priority": 5
    },
    {
      "attr_path": "kubernetes-helm",
      "broken": false,
      "derivation": "/nix/store/5x4c8dwll9hd2i853bg4h4bfrlid5y20-kubernetes-helm-3.19.1.drv",
      "description": "Package manager for kubernetes",
      "install_id": "kubernetes-helm",
      "license": "Apache-2.0",
      "locked_url": "https://github.com/flox/nixpkgs?rev=1306659b587dc277866c7b69eb97e5f07864d8c4",
      "name": "kubernetes-helm-3.19.1",
      "pname": "kubernetes-helm",
      "rev": "1306659b587dc277866c7b69eb97e5f07864d8c4",
      "rev_count": 912002,
      "rev_date": "2025-12-15T06:20:37Z",
      "scrape_date": "2025-12-16T03:01:47.324275Z",
      "stabilities": [
        "staging",
        "unstable"
      ],
      "unfree": false,
      "version": "3.19.1",
      "outputs_to_install": [
        "out"
      ],
      "outputs": {
        "out": "/nix/store/xx21h4bmbmhncdlhw5q7gp3wx50x0y5g-kubernetes-helm-3.19.1"
      },
      "system": "aarch64-darwin",
      "group": "toplevel",
      "priority": 5
    },
    {
      "attr_path": "kubernetes-helm",
      "broken": false,
      "derivation": "/nix/store/22lz4b0mwwzkak0mv72nyif9vy9hj31p-kubernetes-helm-3.19.1.drv",
      "description": "Package manager for kubernetes",
      "install_id": "kubernetes-helm",
      "license": "Apache-2.0",
      "locked_url": "https://github.com/flox/nixpkgs?rev=1306659b587dc277866c7b69eb97e5f07864d8c4",
      "name": "kubernetes-helm-3.19.1",
      "pname": "kubernetes-helm",
      "rev": "1306659b587dc277866c7b69eb97e5f07864d8c4",
      "rev_count": 912002,
      "rev_date": "2025-12-15T06:20:37Z",
      "scrape_date": "2025-12-16T03:17:57.355388Z",
      "stabilities": [
        "staging",
        "unstable"
      ],
      "unfree": false,
      "version": "3.19.1",
      "outputs_to_install": [
        "out"
      ],
      "outputs": {
        "out": "/nix/store/s702f0l23v078mm6jkrbc7bx0qpjrzwm-kubernetes-helm-3.19.1"
      },
      "system": "aarch64-linux",
      "group": "toplevel",
      "priority": 5
    },
    {
      "attr_path": "kubernetes-helm",
      "broken": false,
      "derivation": "/nix/store/7yzwn22i124534xp9b1bfmbkimk10cl1-kubernetes-helm-3.19.1.drv",
      "description": "Package manager for kubernetes",
      "install_id": "kubernetes-helm",
      "license": "Apache-2.0",
      "locked_url": "https://github.com/flox/nixpkgs?rev=1306659b587dc277866c7b69eb97e5f07864d8c4",
      "name": "kubernetes-helm-3.19.1",
      "pname": "kubernetes-helm",
      "rev": "1306659b587dc277866c7b69eb97e5f07864d8c4",
      "rev_count": 912002,
      "rev_date": "2025-12-15T06:20:37Z",
      "scrape_date": "2025-12-16T03:34:04.412771Z",
      "stabilities": [
        "staging",
        "unstable"
      ],
      "unfree": false,
      "version": "3.19.1",
      "outputs_to_install": [
        "out"
      ],
      "outputs": {
        "out": "/nix/store/z2is6ibqddfxx8mb1hybly00hb902h85-kubernetes-helm-3.19.1"
      },
      "system": "x86_64-darwin",
      "group": "toplevel",
      "priority": 5
    },
    {
      "attr_path": "kubernetes-helm",
      "broken": false,
      "derivation": "/nix/store/0pqwrla1xr1rjc0x0w2xqr4axiyi31xq-kubernetes-helm-3.19.1.drv",
      "description": "Package manager for kubernetes",
      "install_id": "kubernetes-helm",
      "license": "Apache-2.0",
      "locked_url": "https://github.com/flox/nixpkgs?rev=1306659b587dc277866c7b69eb97e5f07864d8c4",
      "name": "kubernetes-helm-3.19.1",
      "pname": "kubernetes-helm",
      "rev": "1306659b587dc277866c7b69eb97e5f07864d8c4",
      "rev_count": 912002,
      "rev_date": "2025-12-15T06:20:37Z",
      "scrape_date": "2025-12-16T03:50:19.803500Z",
      "stabilities": [
        "staging",
        "unstable"
      ],
      "unfree": false,
      "version": "3.19.1",
      "outputs_to_install": [
        "out"
      ],
      "outputs": {
        "out": "/nix/store/b7g7s0jpfs93g7s1b556166mcswbkmcx-kubernetes-helm-3.19.1"
      },
      "system": "x86_64-linux",
      "group": "toplevel",
      "priority": 5
    }
  ]
}